// !$*UTF8*$!
{
	archiveVersion = 1;
	classes = {
	};
	objectVersion = 77;
	objects = {

/* Begin PBXBuildFile section */
		7E3976472FDD1601002837A8 /* AppDelegate.swift in Sources */ = {isa = PBXBuildFile; fileRef = 7E39762B2FDD1601002837A8 /* AppDelegate.swift */; };
		7E3976482FDD1601002837A8 /* SceneDelegate.swift in Sources */ = {isa = PBXBuildFile; fileRef = 7E39762D2FDD1601002837A8 /* SceneDelegate.swift */; };
		7E39764A2FDD1601002837A8 /* Assets.xcassets in Resources */ = {isa = PBXBuildFile; fileRef = 7E39762C2FDD1601002837A8 /* Assets.xcassets */; };
		7E39764C2FDD1601002837A8 /* LaunchScreen.storyboard in Resources */ = {isa = PBXBuildFile; fileRef = 7E3976422FDD1601002837A8 /* LaunchScreen.storyboard */; };
		7E39764D2FDD1601002837A8 /* Splash.storyboard in Resources */ = {isa = PBXBuildFile; fileRef = 7E3976442FDD1601002837A8 /* Splash.storyboard */; };
		7E3976522FDD2729002837A8 /* SplashVC.swift in Sources */ = {isa = PBXBuildFile; fileRef = 7E3976512FDD2729002837A8 /* SplashVC.swift */; };
		7E3976552FDD294A002837A8 /* BottomRoundedView.swift in Sources */ = {isa = PBXBuildFile; fileRef = 7E3976542FDD294A002837A8 /* BottomRoundedView.swift */; };
		7E3976582FDD2BDA002837A8 /* AppContainer.swift in Sources */ = {isa = PBXBuildFile; fileRef = 7E3976562FDD2BDA002837A8 /* AppContainer.swift */; };
		7E3976592FDD2BDA002837A8 /* AppCoordinator.swift in Sources */ = {isa = PBXBuildFile; fileRef = 7E3976572FDD2BDA002837A8 /* AppCoordinator.swift */; };
		7E3976612FDD2C00002837A8 /* AppEvent.swift in Sources */ = {isa = PBXBuildFile; fileRef = 7E39765C2FDD2C00002837A8 /* AppEvent.swift */; };
		7E3976622FDD2C00002837A8 /* AppEventBus.swift in Sources */ = {isa = PBXBuildFile; fileRef = 7E39765A2FDD2C00002837A8 /* AppEventBus.swift */; };
		7E3976632FDD2C00002837A8 /* AppEventDispatching.swift in Sources */ = {isa = PBXBuildFile; fileRef = 7E39765E2FDD2C00002837A8 /* AppEventDispatching.swift */; };
		7E3976662FDD2C0A002837A8 /* Coordinate.swift in Sources */ = {isa = PBXBuildFile; fileRef = 7E3976642FDD2C0A002837A8 /* Coordinate.swift */; };
		7E3976742FDD2C22002837A8 /* Storyboarded.swift in Sources */ = {isa = PBXBuildFile; fileRef = 7E39766A2FDD2C22002837A8 /* Storyboarded.swift */; };
		7E3976762FDD2C22002837A8 /* Storyboarded+Extension.swift in Sources */ = {isa = PBXBuildFile; fileRef = 7E39766B2FDD2C22002837A8 /* Storyboarded+Extension.swift */; };
		7E3976772FDD2C22002837A8 /* Coordinating.swift in Sources */ = {isa = PBXBuildFile; fileRef = 7E3976672FDD2C22002837A8 /* Coordinating.swift */; };
		7E3976782FDD2C22002837A8 /* StoryBoard.swift in Sources */ = {isa = PBXBuildFile; fileRef = 7E3976692FDD2C22002837A8 /* StoryBoard.swift */; };
		7E3976822FDD2C4B002837A8 /* NavigationDestination.swift in Sources */ = {isa = PBXBuildFile; fileRef = 7E39767B2FDD2C4B002837A8 /* NavigationDestination.swift */; };
		7E3976832FDD2C4B002837A8 /* PendingUIActionHandling.swift in Sources */ = {isa = PBXBuildFile; fileRef = 7E3976792FDD2C4B002837A8 /* PendingUIActionHandling.swift */; };
		7E3976842FDD2C4B002837A8 /* PendingUIAction.swift in Sources */ = {isa = PBXBuildFile; fileRef = 7E39767D2FDD2C4B002837A8 /* PendingUIAction.swift */; };
		7E3976852FDD2C4B002837A8 /* PendingUIActionHandler.swift in Sources */ = {isa = PBXBuildFile; fileRef = 7E39767F2FDD2C4B002837A8 /* PendingUIActionHandler.swift */; };
		7E3976862FDD2C4B002837A8 /* NavigationStyle.swift in Sources */ = {isa = PBXBuildFile; fileRef = 7E39767C2FDD2C4B002837A8 /* NavigationStyle.swift */; };
		7E39768A2FDD2C77002837A8 /* CLLocationCoordinate2D+Extension .swift in Sources */ = {isa = PBXBuildFile; fileRef = 7E3976872FDD2C77002837A8 /* CLLocationCoordinate2D+Extension .swift */; };
		7E39768B2FDD2C77002837A8 /* CLLocation+Extension.swift in Sources */ = {isa = PBXBuildFile; fileRef = 7E3976882FDD2C77002837A8 /* CLLocation+Extension.swift */; };
		7E3976912FDD2C8F002837A8 /* Collection+Extensions.swift in Sources */ = {isa = PBXBuildFile; fileRef = 7E39768C2FDD2C8F002837A8 /* Collection+Extensions.swift */; };
		7E3976922FDD2C8F002837A8 /* Double+Extensions.swift in Sources */ = {isa = PBXBuildFile; fileRef = 7E39768D2FDD2C8F002837A8 /* Double+Extensions.swift */; };
		7E3976932FDD2C8F002837A8 /* String+Validation.swift in Sources */ = {isa = PBXBuildFile; fileRef = 7E39768F2FDD2C8F002837A8 /* String+Validation.swift */; };
		7E3976942FDD2C8F002837A8 /* String+Extension.swift in Sources */ = {isa = PBXBuildFile; fileRef = 7E39768E2FDD2C8F002837A8 /* String+Extension.swift */; };
		7E3976AD2FDD2C95002837A8 /* UIViewController+Navigation.swift in Sources */ = {isa = PBXBuildFile; fileRef = 7E3976A92FDD2C95002837A8 /* UIViewController+Navigation.swift */; };
		7E3976AE2FDD2C95002837A8 /* UInt64+Extension.swift in Sources */ = {isa = PBXBuildFile; fileRef = 7E39769F2FDD2C95002837A8 /* UInt64+Extension.swift */; };
		7E3976AF2FDD2C95002837A8 /* Date+Extension.swift in Sources */ = {isa = PBXBuildFile; fileRef = 7E39769A2FDD2C95002837A8 /* Date+Extension.swift */; };
		7E3976B22FDD2C95002837A8 /* UITextView+Publisher.swift in Sources */ = {isa = PBXBuildFile; fileRef = 7E3976972FDD2C95002837A8 /* UITextView+Publisher.swift */; };
		7E3976B42FDD2C95002837A8 /* UITextField+Publisher.swift in Sources */ = {isa = PBXBuildFile; fileRef = 7E3976962FDD2C95002837A8 /* UITextField+Publisher.swift */; };
		7E3976B52FDD2C95002837A8 /* UIImage+Resize.swift in Sources */ = {isa = PBXBuildFile; fileRef = 7E39769D2FDD2C95002837A8 /* UIImage+Resize.swift */; };
		7E3976B62FDD2C95002837A8 /* TapGestureAddable.swift in Sources */ = {isa = PBXBuildFile; fileRef = 7E3976952FDD2C95002837A8 /* TapGestureAddable.swift */; };
		7E3976B82FDD2C95002837A8 /* UIViewController+Gesture.swift in Sources */ = {isa = PBXBuildFile; fileRef = 7E3976A82FDD2C95002837A8 /* UIViewController+Gesture.swift */; };
		7E3976B92FDD2C95002837A8 /* UIViewController+Alert.swift in Sources */ = {isa = PBXBuildFile; fileRef = 7E3976A72FDD2C95002837A8 /* UIViewController+Alert.swift */; };
		7E3976F12FDD2CF6002837A8 /* ReverseGeocoder.swift in Sources */ = {isa = PBXBuildFile; fileRef = 7E3976D92FDD2CF6002837A8 /* ReverseGeocoder.swift */; };
		7E3976F22FDD2CF6002837A8 /* AnimationType.swift in Sources */ = {isa = PBXBuildFile; fileRef = 7E3976E02FDD2CF6002837A8 /* AnimationType.swift */; };
		7E3976F32FDD2CF6002837A8 /* ToastView.swift in Sources */ = {isa = PBXBuildFile; fileRef = 7E3976EE2FDD2CF6002837A8 /* ToastView.swift */; };
		7E3976F42FDD2CF6002837A8 /* HeadingSensoring.swift in Sources */ = {isa = PBXBuildFile; fileRef = 7E3976CA2FDD2CF6002837A8 /* HeadingSensoring.swift */; };
		7E3976F52FDD2CF6002837A8 /* CompassEngine.swift in Sources */ = {isa = PBXBuildFile; fileRef = 7E3976BB2FDD2CF6002837A8 /* CompassEngine.swift */; };
		7E3976F62FDD2CF6002837A8 /* CompassEngineDelegate.swift in Sources */ = {isa = PBXBuildFile; fileRef = 7E3976BC2FDD2CF6002837A8 /* CompassEngineDelegate.swift */; };
		7E3976F72FDD2CF6002837A8 /* HeadingProcessing.swift in Sources */ = {isa = PBXBuildFile; fileRef = 7E3976C62FDD2CF6002837A8 /* HeadingProcessing.swift */; };
		7E3976F82FDD2CF6002837A8 /* LocationManager.swift in Sources */ = {isa = PBXBuildFile; fileRef = 7E3976CD2FDD2CF6002837A8 /* LocationManager.swift */; };
		7E3976F92FDD2CF6002837A8 /* CLLocation+Array.swift in Sources */ = {isa = PBXBuildFile; fileRef = 7E3976D32FDD2CF6002837A8 /* CLLocation+Array.swift */; };
		7E3976FA2FDD2CF6002837A8 /* PlaceDisplayMapper.swift in Sources */ = {isa = PBXBuildFile; fileRef = 7E3976DD2FDD2CF6002837A8 /* PlaceDisplayMapper.swift */; };
		7E3976FB2FDD2CF6002837A8 /* HeadingSensor.swift in Sources */ = {isa = PBXBuildFile; fileRef = 7E3976C82FDD2CF6002837A8 /* HeadingSensor.swift */; };
		7E3976FC2FDD2CF6002837A8 /* HeadingSensorDelegate.swift in Sources */ = {isa = PBXBuildFile; fileRef = 7E3976C92FDD2CF6002837A8 /* HeadingSensorDelegate.swift */; };
		7E3976FD2FDD2CF6002837A8 /* ToastStyle.swift in Sources */ = {isa = PBXBuildFile; fileRef = 7E3976E62FDD2CF6002837A8 /* ToastStyle.swift */; };
		7E3976FE2FDD2CF6002837A8 /* GeocodingServiceing.swift in Sources */ = {isa = PBXBuildFile; fileRef = 7E3976D82FDD2CF6002837A8 /* GeocodingServiceing.swift */; };
		7E3976FF2FDD2CF6002837A8 /* OrientationCorrector.swift in Sources */ = {isa = PBXBuildFile; fileRef = 7E3976C22FDD2CF6002837A8 /* OrientationCorrector.swift */; };
		7E3977002FDD2CF6002837A8 /* CompassHeading.swift in Sources */ = {isa = PBXBuildFile; fileRef = 7E3976BD2FDD2CF6002837A8 /* CompassHeading.swift */; };
		7E3977012FDD2CF6002837A8 /* AddressFormatter.swift in Sources */ = {isa = PBXBuildFile; fileRef = 7E3976D52FDD2CF6002837A8 /* AddressFormatter.swift */; };
		7E3977022FDD2CF6002837A8 /* ToastPresenting.swift in Sources */ = {isa = PBXBuildFile; fileRef = 7E3976E42FDD2CF6002837A8 /* ToastPresenting.swift */; };
		7E3977032FDD2CF6002837A8 /* AddressMapper.swift in Sources */ = {isa = PBXBuildFile; fileRef = 7E3976DC2FDD2CF6002837A8 /* AddressMapper.swift */; };
		7E3977042FDD2CF6002837A8 /* ToastMain.swift in Sources */ = {isa = PBXBuildFile; fileRef = 7E3976E92FDD2CF6002837A8 /* ToastMain.swift */; };
		7E3977052FDD2CF6002837A8 /* DeviceOrientationProvider.swift in Sources */ = {isa = PBXBuildFile; fileRef = 7E3976C12FDD2CF6002837A8 /* DeviceOrientationProvider.swift */; };
		7E3977062FDD2CF6002837A8 /* PlaceDisplay.swift in Sources */ = {isa = PBXBuildFile; fileRef = 7E3976D02FDD2CF6002837A8 /* PlaceDisplay.swift */; };
		7E3977072FDD2CF6002837A8 /* IconAppleToastView.swift in Sources */ = {isa = PBXBuildFile; fileRef = 7E3976EC2FDD2CF6002837A8 /* IconAppleToastView.swift */; };
		7E3977082FDD2CF6002837A8 /* CGFloat+Radians.swift in Sources */ = {isa = PBXBuildFile; fileRef = 7E3976BF2FDD2CF6002837A8 /* CGFloat+Radians.swift */; };
		7E3977092FDD2CF6002837A8 /* GeocodingService.swift in Sources */ = {isa = PBXBuildFile; fileRef = 7E3976D72FDD2CF6002837A8 /* GeocodingService.swift */; };
		7E39770A2FDD2CF6002837A8 /* ToastPresenter.swift in Sources */ = {isa = PBXBuildFile; fileRef = 7E3976ED2FDD2CF6002837A8 /* ToastPresenter.swift */; };
		7E39770B2FDD2CF6002837A8 /* ReverseGeocodingService.swift in Sources */ = {isa = PBXBuildFile; fileRef = 7E3976DA2FDD2CF6002837A8 /* ReverseGeocodingService.swift */; };
		7E39770C2FDD2CF6002837A8 /* DefaultHeadingProcessor.swift in Sources */ = {isa = PBXBuildFile; fileRef = 7E3976C52FDD2CF6002837A8 /* DefaultHeadingProcessor.swift */; };
		7E39770D2FDD2CF6002837A8 /* ToastViewConfiguration.swift in Sources */ = {isa = PBXBuildFile; fileRef = 7E3976E72FDD2CF6002837A8 /* ToastViewConfiguration.swift */; };
		7E39770E2FDD2CF6002837A8 /* AppleToastView.swift in Sources */ = {isa = PBXBuildFile; fileRef = 7E3976EB2FDD2CF6002837A8 /* AppleToastView.swift */; };
		7E39770F2FDD2CF6002837A8 /* AddressModel.swift in Sources */ = {isa = PBXBuildFile; fileRef = 7E3976CF2FDD2CF6002837A8 /* AddressModel.swift */; };
		7E3977102FDD2CF6002837A8 /* Direction.swift in Sources */ = {isa = PBXBuildFile; fileRef = 7E3976E12FDD2CF6002837A8 /* Direction.swift */; };
		7E3977112FDD2CF6002837A8 /* OrientationProviding.swift in Sources */ = {isa = PBXBuildFile; fileRef = 7E3976C32FDD2CF6002837A8 /* OrientationProviding.swift */; };
		7E3977122FDD2CF6002837A8 /* ToastConfiguration.swift in Sources */ = {isa = PBXBuildFile; fileRef = 7E3976E32FDD2CF6002837A8 /* ToastConfiguration.swift */; };
		7E3977132FDD2CF6002837A8 /* ToastQueue.swift in Sources */ = {isa = PBXBuildFile; fileRef = 7E3976E52FDD2CF6002837A8 /* ToastQueue.swift */; };
		7E3977142FDD2CF6002837A8 /* LocationProviding.swift in Sources */ = {isa = PBXBuildFile; fileRef = 7E3976CE2FDD2CF6002837A8 /* LocationProviding.swift */; };
		7E3977172FDD36E1002837A8 /* VehicleTracking.xcdatamodeld in Sources */ = {isa = PBXBuildFile; fileRef = 7E3977152FDD36E1002837A8 /* VehicleTracking.xcdatamodeld */; };
		7E6CE86C2FDE820F00F30949 /* DefaultVehicleSimulationService.swift in Sources */ = {isa = PBXBuildFile; fileRef = 7E6CE8692FDE820F00F30949 /* DefaultVehicleSimulationService.swift */; };
		7E6CE86D2FDE820F00F30949 /* VehicleSimulationService.swift in Sources */ = {isa = PBXBuildFile; fileRef = 7E6CE86A2FDE820F00F30949 /* VehicleSimulationService.swift */; };
		7E8F4DA42FDD4E890002DDB5 /* CoreDataContextProvider.swift in Sources */ = {isa = PBXBuildFile; fileRef = 7E8F4DA32FDD4E890002DDB5 /* CoreDataContextProvider.swift */; };
		7E8F4DA62FDD51C60002DDB5 /* CoreDataStack.swift in Sources */ = {isa = PBXBuildFile; fileRef = 7E8F4DA52FDD51C60002DDB5 /* CoreDataStack.swift */; };
		7E8F4DA82FDD52330002DDB5 /* SessionRepository.swift in Sources */ = {isa = PBXBuildFile; fileRef = 7E8F4DA72FDD52330002DDB5 /* SessionRepository.swift */; };
		7E8F4DAA2FDD52490002DDB5 /* Session.swift in Sources */ = {isa = PBXBuildFile; fileRef = 7E8F4DA92FDD52490002DDB5 /* Session.swift */; };
		7E8F4DAC2FDD52800002DDB5 /* SessionMapper.swift in Sources */ = {isa = PBXBuildFile; fileRef = 7E8F4DAB2FDD52800002DDB5 /* SessionMapper.swift */; };
		7E8F4DAE2FDD52A80002DDB5 /* SessionRepositoryImpl.swift in Sources */ = {isa = PBXBuildFile; fileRef = 7E8F4DAD2FDD52A80002DDB5 /* SessionRepositoryImpl.swift */; };
		7E8F4DB02FDD52C20002DDB5 /* VehicleRepository.swift in Sources */ = {isa = PBXBuildFile; fileRef = 7E8F4DAF2FDD52C20002DDB5 /* VehicleRepository.swift */; };
		7E8F4DB22FDD53C30002DDB5 /* Vehicle.swift in Sources */ = {isa = PBXBuildFile; fileRef = 7E8F4DB12FDD53C30002DDB5 /* Vehicle.swift */; };
		7E8F4DB42FDD53F00002DDB5 /* Route.swift in Sources */ = {isa = PBXBuildFile; fileRef = 7E8F4DB32FDD53F00002DDB5 /* Route.swift */; };
		7E8F4DB62FDD54120002DDB5 /* RoutePoint.swift in Sources */ = {isa = PBXBuildFile; fileRef = 7E8F4DB52FDD54120002DDB5 /* RoutePoint.swift */; };
		7E8F4DB82FDD54D90002DDB5 /* PlaybackState.swift in Sources */ = {isa = PBXBuildFile; fileRef = 7E8F4DB72FDD54D90002DDB5 /* PlaybackState.swift */; };
		7E8F4DBE2FDD57DB0002DDB5 /* VehicleRepositoryImpl.swift in Sources */ = {isa = PBXBuildFile; fileRef = 7E8F4DBD2FDD57DB0002DDB5 /* VehicleRepositoryImpl.swift */; };
		7E8F4DC12FDD58470002DDB5 /* VehicleMapper.swift in Sources */ = {isa = PBXBuildFile; fileRef = 7E8F4DC02FDD58470002DDB5 /* VehicleMapper.swift */; };
		7E8F4DC42FDD590B0002DDB5 /* IQKeyboardManagerSwift in Frameworks */ = {isa = PBXBuildFile; productRef = 7E8F4DC32FDD590B0002DDB5 /* IQKeyboardManagerSwift */; };
		7E8F4DCA2FDD5A850002DDB5 /* LoaderPresenter.swift in Sources */ = {isa = PBXBuildFile; fileRef = 7E8F4DC72FDD5A850002DDB5 /* LoaderPresenter.swift */; };
		7E8F4DCB2FDD5A850002DDB5 /* LoaderPresenting.swift in Sources */ = {isa = PBXBuildFile; fileRef = 7E8F4DC52FDD5A850002DDB5 /* LoaderPresenting.swift */; };
		7E8F4DCF2FDD5F4C0002DDB5 /* Map.storyboard in Resources */ = {isa = PBXBuildFile; fileRef = 7E8F4DCE2FDD5F4C0002DDB5 /* Map.storyboard */; };
		7E8F4DE52FDD60C90002DDB5 /* SplashCoordinating.swift in Sources */ = {isa = PBXBuildFile; fileRef = 7E8F4DE42FDD60C90002DDB5 /* SplashCoordinating.swift */; };
		7E8F4DE72FDD60F10002DDB5 /* SplashFactory.swift in Sources */ = {isa = PBXBuildFile; fileRef = 7E8F4DE62FDD60F10002DDB5 /* SplashFactory.swift */; };
		7E8F4DE92FDD61050002DDB5 /* SplashCoordinator.swift in Sources */ = {isa = PBXBuildFile; fileRef = 7E8F4DE82FDD61050002DDB5 /* SplashCoordinator.swift */; };
		7E8F4DEB2FDD61B60002DDB5 /* DefaultSplashFactory.swift in Sources */ = {isa = PBXBuildFile; fileRef = 7E8F4DEA2FDD61B60002DDB5 /* DefaultSplashFactory.swift */; };
		7E8F4DED2FDD63210002DDB5 /* SplashViewModel.swift in Sources */ = {isa = PBXBuildFile; fileRef = 7E8F4DEC2FDD63210002DDB5 /* SplashViewModel.swift */; };
		7E8F4DF12FDD66C10002DDB5 /* SplashStrings.swift in Sources */ = {isa = PBXBuildFile; fileRef = 7E8F4DF02FDD66C10002DDB5 /* SplashStrings.swift */; };
		7E8F4DF32FDD6B030002DDB5 /* VehicleCountPickerStrings.swift in Sources */ = {isa = PBXBuildFile; fileRef = 7E8F4DF22FDD6B030002DDB5 /* VehicleCountPickerStrings.swift */; };
		7E8F4DF62FDD80D30002DDB5 /* DriverGenerationService.swift in Sources */ = {isa = PBXBuildFile; fileRef = 7E8F4DF52FDD80D30002DDB5 /* DriverGenerationService.swift */; };
		7E8F4DF82FDD80E90002DDB5 /* DefaultDriverGenerationService.swift in Sources */ = {isa = PBXBuildFile; fileRef = 7E8F4DF72FDD80E90002DDB5 /* DefaultDriverGenerationService.swift */; };
		7E8F4DFC2FDD81550002DDB5 /* RouteGenerationService.swift in Sources */ = {isa = PBXBuildFile; fileRef = 7E8F4DFB2FDD81550002DDB5 /* RouteGenerationService.swift */; };
		7E8F4DFE2FDD81730002DDB5 /* DefaultRouteGenerationService.swift in Sources */ = {isa = PBXBuildFile; fileRef = 7E8F4DFD2FDD81730002DDB5 /* DefaultRouteGenerationService.swift */; };
		7E8F4E012FDD81C90002DDB5 /* MKPolyline+Extension.swift in Sources */ = {isa = PBXBuildFile; fileRef = 7E8F4E002FDD81C90002DDB5 /* MKPolyline+Extension.swift */; };
		7E8F4E042FDD82150002DDB5 /* SessionBootstrapService.swift in Sources */ = {isa = PBXBuildFile; fileRef = 7E8F4E032FDD82150002DDB5 /* SessionBootstrapService.swift */; };
		7E8F4E062FDD82200002DDB5 /* DefaultSessionBootstrapService.swift in Sources */ = {isa = PBXBuildFile; fileRef = 7E8F4E052FDD82200002DDB5 /* DefaultSessionBootstrapService.swift */; };
		7E8F4E092FDD83D10002DDB5 /* VehicleType.swift in Sources */ = {isa = PBXBuildFile; fileRef = 7E8F4E082FDD83D10002DDB5 /* VehicleType.swift */; };
		7E8F4E0B2FDD83E40002DDB5 /* DriverSeedData.swift in Sources */ = {isa = PBXBuildFile; fileRef = 7E8F4E0A2FDD83E40002DDB5 /* DriverSeedData.swift */; };
		7E8F4E0E2FDD852D0002DDB5 /* RouteGenerationError.swift in Sources */ = {isa = PBXBuildFile; fileRef = 7E8F4E0D2FDD852D0002DDB5 /* RouteGenerationError.swift */; };
		7E8F4E112FDD8BD70002DDB5 /* RouteRepository.swift in Sources */ = {isa = PBXBuildFile; fileRef = 7E8F4E102FDD8BD70002DDB5 /* RouteRepository.swift */; };
		7E8F4E132FDD8BF60002DDB5 /* RouteRepositoryImpl.swift in Sources */ = {isa = PBXBuildFile; fileRef = 7E8F4E122FDD8BF60002DDB5 /* RouteRepositoryImpl.swift */; };
		7E8F4E152FDD9C5F0002DDB5 /* RouteMapper.swift in Sources */ = {isa = PBXBuildFile; fileRef = 7E8F4E142FDD9C5F0002DDB5 /* RouteMapper.swift */; };
		7E8F4E172FDD9C780002DDB5 /* RoutePointMapper.swift in Sources */ = {isa = PBXBuildFile; fileRef = 7E8F4E162FDD9C780002DDB5 /* RoutePointMapper.swift */; };
		7E8F4E1A2FDD9CCF0002DDB5 /* NSManagedObjectContext+Extension.swift in Sources */ = {isa = PBXBuildFile; fileRef = 7E8F4E192FDD9CCF0002DDB5 /* NSManagedObjectContext+Extension.swift */; };
		7E8F4E1E2FDD9D660002DDB5 /* RepositoryError.swift in Sources */ = {isa = PBXBuildFile; fileRef = 7E8F4E1D2FDD9D660002DDB5 /* RepositoryError.swift */; };
		7E8F4E212FDDA01A0002DDB5 /* SessionStatus.swift in Sources */ = {isa = PBXBuildFile; fileRef = 7E8F4E202FDDA01A0002DDB5 /* SessionStatus.swift */; };
		7E8F4E392FDDB00D0002DDB5 /* MapCoordinator.swift in Sources */ = {isa = PBXBuildFile; fileRef = 7E8F4E342FDDB00D0002DDB5 /* MapCoordinator.swift */; };
		7E8F4E3A2FDDB00D0002DDB5 /* DefaultMapFactory.swift in Sources */ = {isa = PBXBuildFile; fileRef = 7E8F4E362FDDB00D0002DDB5 /* DefaultMapFactory.swift */; };
		7E8F4E3D2FDDB0190002DDB5 /* MapCoordinating.swift in Sources */ = {isa = PBXBuildFile; fileRef = 7E8F4E3C2FDDB0190002DDB5 /* MapCoordinating.swift */; };
		7E8F4E3F2FDDB05B0002DDB5 /* MapFactory.swift in Sources */ = {isa = PBXBuildFile; fileRef = 7E8F4E3E2FDDB05B0002DDB5 /* MapFactory.swift */; };
		7E8F4E462FDDB38C0002DDB5 /* MapViewModel.swift in Sources */ = {isa = PBXBuildFile; fileRef = 7E8F4E452FDDB38C0002DDB5 /* MapViewModel.swift */; };
		7E8F4E482FDDB3E20002DDB5 /* MapVC.swift in Sources */ = {isa = PBXBuildFile; fileRef = 7E8F4E472FDDB3E20002DDB5 /* MapVC.swift */; };
		7E8F4E4F2FDDB9660002DDB5 /* LiquidGlassButtonAction.swift in Sources */ = {isa = PBXBuildFile; fileRef = 7E8F4E4E2FDDB9660002DDB5 /* LiquidGlassButtonAction.swift */; };
		7E8F4E512FDDB9860002DDB5 /* LiquidGlassButton.swift in Sources */ = {isa = PBXBuildFile; fileRef = 7E8F4E502FDDB9860002DDB5 /* LiquidGlassButton.swift */; };
		7E8F4E532FDDB9BF0002DDB5 /* LiquidGlassSearchBarAction.swift in Sources */ = {isa = PBXBuildFile; fileRef = 7E8F4E522FDDB9BF0002DDB5 /* LiquidGlassSearchBarAction.swift */; };
		7E8F4E552FDDB9DD0002DDB5 /* LiquidGlassSearchBar.swift in Sources */ = {isa = PBXBuildFile; fileRef = 7E8F4E542FDDB9DD0002DDB5 /* LiquidGlassSearchBar.swift */; };
		7E8F4E5C2FDDCE370002DDB5 /* SearchVehicleVC.swift in Sources */ = {isa = PBXBuildFile; fileRef = 7E8F4E5B2FDDCE370002DDB5 /* SearchVehicleVC.swift */; };
		7E8F4E5E2FDDD42F0002DDB5 /* SearchVehicleViewModel.swift in Sources */ = {isa = PBXBuildFile; fileRef = 7E8F4E5D2FDDD42F0002DDB5 /* SearchVehicleViewModel.swift */; };
		7E8F4E622FDDD47B0002DDB5 /* SearchVehicleCoordinating.swift in Sources */ = {isa = PBXBuildFile; fileRef = 7E8F4E612FDDD47B0002DDB5 /* SearchVehicleCoordinating.swift */; };
		7E8F4E662FDDD8620002DDB5 /* SearchVehicleTableViewCell.swift in Sources */ = {isa = PBXBuildFile; fileRef = 7E8F4E652FDDD8620002DDB5 /* SearchVehicleTableViewCell.swift */; };
		7E8F4E692FDDD8B60002DDB5 /* SearchVehicleTableViewDataSourceHandler.swift in Sources */ = {isa = PBXBuildFile; fileRef = 7E8F4E682FDDD8B60002DDB5 /* SearchVehicleTableViewDataSourceHandler.swift */; };
		7E8F4E6B2FDDE4E50002DDB5 /* DarkGlassButton.swift in Sources */ = {isa = PBXBuildFile; fileRef = 7E8F4E6A2FDDE4E50002DDB5 /* DarkGlassButton.swift */; };
		7E8F4E6D2FDDE97B0002DDB5 /* DarkGlassSearchBar.swift in Sources */ = {isa = PBXBuildFile; fileRef = 7E8F4E6C2FDDE97B0002DDB5 /* DarkGlassSearchBar.swift */; };
/* End PBXBuildFile section */

/* Begin PBXFileReference section */
		7E3975FD2FDCA700002837A8 /* Luminious.app */ = {isa = PBXFileReference; explicitFileType = wrapper.application; includeInIndex = 0; path = Luminious.app; sourceTree = BUILT_PRODUCTS_DIR; };
		7E39762B2FDD1601002837A8 /* AppDelegate.swift */ = {isa = PBXFileReference; lastKnownFileType = sourcecode.swift; path = AppDelegate.swift; sourceTree = "<group>"; };
		7E39762C2FDD1601002837A8 /* Assets.xcassets */ = {isa = PBXFileReference; lastKnownFileType = folder.assetcatalog; path = Assets.xcassets; sourceTree = "<group>"; };
		7E39762D2FDD1601002837A8 /* SceneDelegate.swift */ = {isa = PBXFileReference; lastKnownFileType = sourcecode.swift; path = SceneDelegate.swift; sourceTree = "<group>"; };
		7E39763F2FDD1601002837A8 /* Info.plist */ = {isa = PBXFileReference; lastKnownFileType = text.plist.xml; path = Info.plist; sourceTree = "<group>"; };
		7E3976412FDD1601002837A8 /* Base */ = {isa = PBXFileReference; lastKnownFileType = file.storyboard; name = Base; path = Base.lproj/LaunchScreen.storyboard; sourceTree = "<group>"; };
		7E3976432FDD1601002837A8 /* Base */ = {isa = PBXFileReference; lastKnownFileType = file.storyboard; name = Base; path = Base.lproj/Splash.storyboard; sourceTree = "<group>"; };
		7E3976512FDD2729002837A8 /* SplashVC.swift */ = {isa = PBXFileReference; lastKnownFileType = sourcecode.swift; path = SplashVC.swift; sourceTree = "<group>"; };
		7E3976542FDD294A002837A8 /* BottomRoundedView.swift */ = {isa = PBXFileReference; lastKnownFileType = sourcecode.swift; path = BottomRoundedView.swift; sourceTree = "<group>"; };
		7E3976562FDD2BDA002837A8 /* AppContainer.swift */ = {isa = PBXFileReference; lastKnownFileType = sourcecode.swift; path = AppContainer.swift; sourceTree = "<group>"; };
		7E3976572FDD2BDA002837A8 /* AppCoordinator.swift */ = {isa = PBXFileReference; lastKnownFileType = sourcecode.swift; path = AppCoordinator.swift; sourceTree = "<group>"; };
		7E39765A2FDD2C00002837A8 /* AppEventBus.swift */ = {isa = PBXFileReference; lastKnownFileType = sourcecode.swift; path = AppEventBus.swift; sourceTree = "<group>"; };
		7E39765C2FDD2C00002837A8 /* AppEvent.swift */ = {isa = PBXFileReference; lastKnownFileType = sourcecode.swift; path = AppEvent.swift; sourceTree = "<group>"; };
		7E39765E2FDD2C00002837A8 /* AppEventDispatching.swift */ = {isa = PBXFileReference; lastKnownFileType = sourcecode.swift; path = AppEventDispatching.swift; sourceTree = "<group>"; };
		7E3976642FDD2C0A002837A8 /* Coordinate.swift */ = {isa = PBXFileReference; lastKnownFileType = sourcecode.swift; path = Coordinate.swift; sourceTree = "<group>"; };
		7E3976672FDD2C22002837A8 /* Coordinating.swift */ = {isa = PBXFileReference; lastKnownFileType = sourcecode.swift; path = Coordinating.swift; sourceTree = "<group>"; };
		7E3976692FDD2C22002837A8 /* StoryBoard.swift */ = {isa = PBXFileReference; lastKnownFileType = sourcecode.swift; path = StoryBoard.swift; sourceTree = "<group>"; };
		7E39766A2FDD2C22002837A8 /* Storyboarded.swift */ = {isa = PBXFileReference; lastKnownFileType = sourcecode.swift; path = Storyboarded.swift; sourceTree = "<group>"; };
		7E39766B2FDD2C22002837A8 /* Storyboarded+Extension.swift */ = {isa = PBXFileReference; lastKnownFileType = sourcecode.swift; path = "Storyboarded+Extension.swift"; sourceTree = "<group>"; };
		7E3976792FDD2C4B002837A8 /* PendingUIActionHandling.swift */ = {isa = PBXFileReference; lastKnownFileType = sourcecode.swift; path = PendingUIActionHandling.swift; sourceTree = "<group>"; };
		7E39767B2FDD2C4B002837A8 /* NavigationDestination.swift */ = {isa = PBXFileReference; lastKnownFileType = sourcecode.swift; path = NavigationDestination.swift; sourceTree = "<group>"; };
		7E39767C2FDD2C4B002837A8 /* NavigationStyle.swift */ = {isa = PBXFileReference; lastKnownFileType = sourcecode.swift; path = NavigationStyle.swift; sourceTree = "<group>"; };
		7E39767D2FDD2C4B002837A8 /* PendingUIAction.swift */ = {isa = PBXFileReference; lastKnownFileType = sourcecode.swift; path = PendingUIAction.swift; sourceTree = "<group>"; };
		7E39767F2FDD2C4B002837A8 /* PendingUIActionHandler.swift */ = {isa = PBXFileReference; lastKnownFileType = sourcecode.swift; path = PendingUIActionHandler.swift; sourceTree = "<group>"; };
		7E3976872FDD2C77002837A8 /* CLLocationCoordinate2D+Extension .swift */ = {isa = PBXFileReference; lastKnownFileType = sourcecode.swift; path = "CLLocationCoordinate2D+Extension .swift"; sourceTree = "<group>"; };
		7E3976882FDD2C77002837A8 /* CLLocation+Extension.swift */ = {isa = PBXFileReference; lastKnownFileType = sourcecode.swift; path = "CLLocation+Extension.swift"; sourceTree = "<group>"; };
		7E39768C2FDD2C8F002837A8 /* Collection+Extensions.swift */ = {isa = PBXFileReference; lastKnownFileType = sourcecode.swift; path = "Collection+Extensions.swift"; sourceTree = "<group>"; };
		7E39768D2FDD2C8F002837A8 /* Double+Extensions.swift */ = {isa = PBXFileReference; lastKnownFileType = sourcecode.swift; path = "Double+Extensions.swift"; sourceTree = "<group>"; };
		7E39768E2FDD2C8F002837A8 /* String+Extension.swift */ = {isa = PBXFileReference; lastKnownFileType = sourcecode.swift; path = "String+Extension.swift"; sourceTree = "<group>"; };
		7E39768F2FDD2C8F002837A8 /* String+Validation.swift */ = {isa = PBXFileReference; lastKnownFileType = sourcecode.swift; path = "String+Validation.swift"; sourceTree = "<group>"; };
		7E3976952FDD2C95002837A8 /* TapGestureAddable.swift */ = {isa = PBXFileReference; lastKnownFileType = sourcecode.swift; path = TapGestureAddable.swift; sourceTree = "<group>"; };
		7E3976962FDD2C95002837A8 /* UITextField+Publisher.swift */ = {isa = PBXFileReference; lastKnownFileType = sourcecode.swift; path = "UITextField+Publisher.swift"; sourceTree = "<group>"; };
		7E3976972FDD2C95002837A8 /* UITextView+Publisher.swift */ = {isa = PBXFileReference; lastKnownFileType = sourcecode.swift; path = "UITextView+Publisher.swift"; sourceTree = "<group>"; };
		7E39769A2FDD2C95002837A8 /* Date+Extension.swift */ = {isa = PBXFileReference; lastKnownFileType = sourcecode.swift; path = "Date+Extension.swift"; sourceTree = "<group>"; };
		7E39769D2FDD2C95002837A8 /* UIImage+Resize.swift */ = {isa = PBXFileReference; lastKnownFileType = sourcecode.swift; path = "UIImage+Resize.swift"; sourceTree = "<group>"; };
		7E39769F2FDD2C95002837A8 /* UInt64+Extension.swift */ = {isa = PBXFileReference; lastKnownFileType = sourcecode.swift; path = "UInt64+Extension.swift"; sourceTree = "<group>"; };
		7E3976A72FDD2C95002837A8 /* UIViewController+Alert.swift */ = {isa = PBXFileReference; lastKnownFileType = sourcecode.swift; path = "UIViewController+Alert.swift"; sourceTree = "<group>"; };
		7E3976A82FDD2C95002837A8 /* UIViewController+Gesture.swift */ = {isa = PBXFileReference; lastKnownFileType = sourcecode.swift; path = "UIViewController+Gesture.swift"; sourceTree = "<group>"; };
		7E3976A92FDD2C95002837A8 /* UIViewController+Navigation.swift */ = {isa = PBXFileReference; lastKnownFileType = sourcecode.swift; path = "UIViewController+Navigation.swift"; sourceTree = "<group>"; };
		7E3976BB2FDD2CF6002837A8 /* CompassEngine.swift */ = {isa = PBXFileReference; lastKnownFileType = sourcecode.swift; path = CompassEngine.swift; sourceTree = "<group>"; };
		7E3976BC2FDD2CF6002837A8 /* CompassEngineDelegate.swift */ = {isa = PBXFileReference; lastKnownFileType = sourcecode.swift; path = CompassEngineDelegate.swift; sourceTree = "<group>"; };
		7E3976BD2FDD2CF6002837A8 /* CompassHeading.swift */ = {isa = PBXFileReference; lastKnownFileType = sourcecode.swift; path = CompassHeading.swift; sourceTree = "<group>"; };
		7E3976BF2FDD2CF6002837A8 /* CGFloat+Radians.swift */ = {isa = PBXFileReference; lastKnownFileType = sourcecode.swift; path = "CGFloat+Radians.swift"; sourceTree = "<group>"; };
		7E3976C12FDD2CF6002837A8 /* DeviceOrientationProvider.swift */ = {isa = PBXFileReference; lastKnownFileType = sourcecode.swift; path = DeviceOrientationProvider.swift; sourceTree = "<group>"; };
		7E3976C22FDD2CF6002837A8 /* OrientationCorrector.swift */ = {isa = PBXFileReference; lastKnownFileType = sourcecode.swift; path = OrientationCorrector.swift; sourceTree = "<group>"; };
		7E3976C32FDD2CF6002837A8 /* OrientationProviding.swift */ = {isa = PBXFileReference; lastKnownFileType = sourcecode.swift; path = OrientationProviding.swift; sourceTree = "<group>"; };
		7E3976C52FDD2CF6002837A8 /* DefaultHeadingProcessor.swift */ = {isa = PBXFileReference; lastKnownFileType = sourcecode.swift; path = DefaultHeadingProcessor.swift; sourceTree = "<group>"; };
		7E3976C62FDD2CF6002837A8 /* HeadingProcessing.swift */ = {isa = PBXFileReference; lastKnownFileType = sourcecode.swift; path = HeadingProcessing.swift; sourceTree = "<group>"; };
		7E3976C82FDD2CF6002837A8 /* HeadingSensor.swift */ = {isa = PBXFileReference; lastKnownFileType = sourcecode.swift; path = HeadingSensor.swift; sourceTree = "<group>"; };
		7E3976C92FDD2CF6002837A8 /* HeadingSensorDelegate.swift */ = {isa = PBXFileReference; lastKnownFileType = sourcecode.swift; path = HeadingSensorDelegate.swift; sourceTree = "<group>"; };
		7E3976CA2FDD2CF6002837A8 /* HeadingSensoring.swift */ = {isa = PBXFileReference; lastKnownFileType = sourcecode.swift; path = HeadingSensoring.swift; sourceTree = "<group>"; };
		7E3976CD2FDD2CF6002837A8 /* LocationManager.swift */ = {isa = PBXFileReference; lastKnownFileType = sourcecode.swift; path = LocationManager.swift; sourceTree = "<group>"; };
		7E3976CE2FDD2CF6002837A8 /* LocationProviding.swift */ = {isa = PBXFileReference; lastKnownFileType = sourcecode.swift; path = LocationProviding.swift; sourceTree = "<group>"; };
		7E3976CF2FDD2CF6002837A8 /* AddressModel.swift */ = {isa = PBXFileReference; lastKnownFileType = sourcecode.swift; path = AddressModel.swift; sourceTree = "<group>"; };
		7E3976D02FDD2CF6002837A8 /* PlaceDisplay.swift */ = {isa = PBXFileReference; lastKnownFileType = sourcecode.swift; path = PlaceDisplay.swift; sourceTree = "<group>"; };
		7E3976D32FDD2CF6002837A8 /* CLLocation+Array.swift */ = {isa = PBXFileReference; lastKnownFileType = sourcecode.swift; path = "CLLocation+Array.swift"; sourceTree = "<group>"; };
		7E3976D52FDD2CF6002837A8 /* AddressFormatter.swift */ = {isa = PBXFileReference; lastKnownFileType = sourcecode.swift; path = AddressFormatter.swift; sourceTree = "<group>"; };
		7E3976D72FDD2CF6002837A8 /* GeocodingService.swift */ = {isa = PBXFileReference; lastKnownFileType = sourcecode.swift; path = GeocodingService.swift; sourceTree = "<group>"; };
		7E3976D82FDD2CF6002837A8 /* GeocodingServiceing.swift */ = {isa = PBXFileReference; lastKnownFileType = sourcecode.swift; path = GeocodingServiceing.swift; sourceTree = "<group>"; };
		7E3976D92FDD2CF6002837A8 /* ReverseGeocoder.swift */ = {isa = PBXFileReference; lastKnownFileType = sourcecode.swift; path = ReverseGeocoder.swift; sourceTree = "<group>"; };
		7E3976DA2FDD2CF6002837A8 /* ReverseGeocodingService.swift */ = {isa = PBXFileReference; lastKnownFileType = sourcecode.swift; path = ReverseGeocodingService.swift; sourceTree = "<group>"; };
		7E3976DC2FDD2CF6002837A8 /* AddressMapper.swift */ = {isa = PBXFileReference; lastKnownFileType = sourcecode.swift; path = AddressMapper.swift; sourceTree = "<group>"; };
		7E3976DD2FDD2CF6002837A8 /* PlaceDisplayMapper.swift */ = {isa = PBXFileReference; lastKnownFileType = sourcecode.swift; path = PlaceDisplayMapper.swift; sourceTree = "<group>"; };
		7E3976E02FDD2CF6002837A8 /* AnimationType.swift */ = {isa = PBXFileReference; lastKnownFileType = sourcecode.swift; path = AnimationType.swift; sourceTree = "<group>"; };
		7E3976E12FDD2CF6002837A8 /* Direction.swift */ = {isa = PBXFileReference; lastKnownFileType = sourcecode.swift; path = Direction.swift; sourceTree = "<group>"; };
		7E3976E32FDD2CF6002837A8 /* ToastConfiguration.swift */ = {isa = PBXFileReference; lastKnownFileType = sourcecode.swift; path = ToastConfiguration.swift; sourceTree = "<group>"; };
		7E3976E42FDD2CF6002837A8 /* ToastPresenting.swift */ = {isa = PBXFileReference; lastKnownFileType = sourcecode.swift; path = ToastPresenting.swift; sourceTree = "<group>"; };
		7E3976E52FDD2CF6002837A8 /* ToastQueue.swift */ = {isa = PBXFileReference; lastKnownFileType = sourcecode.swift; path = ToastQueue.swift; sourceTree = "<group>"; };
		7E3976E62FDD2CF6002837A8 /* ToastStyle.swift */ = {isa = PBXFileReference; lastKnownFileType = sourcecode.swift; path = ToastStyle.swift; sourceTree = "<group>"; };
		7E3976E72FDD2CF6002837A8 /* ToastViewConfiguration.swift */ = {isa = PBXFileReference; lastKnownFileType = sourcecode.swift; path = ToastViewConfiguration.swift; sourceTree = "<group>"; };
		7E3976E92FDD2CF6002837A8 /* ToastMain.swift */ = {isa = PBXFileReference; lastKnownFileType = sourcecode.swift; path = ToastMain.swift; sourceTree = "<group>"; };
		7E3976EB2FDD2CF6002837A8 /* AppleToastView.swift */ = {isa = PBXFileReference; lastKnownFileType = sourcecode.swift; path = AppleToastView.swift; sourceTree = "<group>"; };
		7E3976EC2FDD2CF6002837A8 /* IconAppleToastView.swift */ = {isa = PBXFileReference; lastKnownFileType = sourcecode.swift; path = IconAppleToastView.swift; sourceTree = "<group>"; };
		7E3976ED2FDD2CF6002837A8 /* ToastPresenter.swift */ = {isa = PBXFileReference; lastKnownFileType = sourcecode.swift; path = ToastPresenter.swift; sourceTree = "<group>"; };
		7E3976EE2FDD2CF6002837A8 /* ToastView.swift */ = {isa = PBXFileReference; lastKnownFileType = sourcecode.swift; path = ToastView.swift; sourceTree = "<group>"; };
		7E3977162FDD36E1002837A8 /* VehicleTracking.xcdatamodel */ = {isa = PBXFileReference; lastKnownFileType = wrapper.xcdatamodel; path = VehicleTracking.xcdatamodel; sourceTree = "<group>"; };
		7E6CE8692FDE820F00F30949 /* DefaultVehicleSimulationService.swift */ = {isa = PBXFileReference; lastKnownFileType = sourcecode.swift; path = DefaultVehicleSimulationService.swift; sourceTree = "<group>"; };
		7E6CE86A2FDE820F00F30949 /* VehicleSimulationService.swift */ = {isa = PBXFileReference; lastKnownFileType = sourcecode.swift; path = VehicleSimulationService.swift; sourceTree = "<group>"; };
		7E8F4DA32FDD4E890002DDB5 /* CoreDataContextProvider.swift */ = {isa = PBXFileReference; lastKnownFileType = sourcecode.swift; path = CoreDataContextProvider.swift; sourceTree = "<group>"; };
		7E8F4DA52FDD51C60002DDB5 /* CoreDataStack.swift */ = {isa = PBXFileReference; lastKnownFileType = sourcecode.swift; path = CoreDataStack.swift; sourceTree = "<group>"; };
		7E8F4DA72FDD52330002DDB5 /* SessionRepository.swift */ = {isa = PBXFileReference; lastKnownFileType = sourcecode.swift; path = SessionRepository.swift; sourceTree = "<group>"; };
		7E8F4DA92FDD52490002DDB5 /* Session.swift */ = {isa = PBXFileReference; lastKnownFileType = sourcecode.swift; path = Session.swift; sourceTree = "<group>"; };
		7E8F4DAB2FDD52800002DDB5 /* SessionMapper.swift */ = {isa = PBXFileReference; lastKnownFileType = sourcecode.swift; path = SessionMapper.swift; sourceTree = "<group>"; };
		7E8F4DAD2FDD52A80002DDB5 /* SessionRepositoryImpl.swift */ = {isa = PBXFileReference; lastKnownFileType = sourcecode.swift; path = SessionRepositoryImpl.swift; sourceTree = "<group>"; };
		7E8F4DAF2FDD52C20002DDB5 /* VehicleRepository.swift */ = {isa = PBXFileReference; lastKnownFileType = sourcecode.swift; path = VehicleRepository.swift; sourceTree = "<group>"; };
		7E8F4DB12FDD53C30002DDB5 /* Vehicle.swift */ = {isa = PBXFileReference; lastKnownFileType = sourcecode.swift; path = Vehicle.swift; sourceTree = "<group>"; };
		7E8F4DB32FDD53F00002DDB5 /* Route.swift */ = {isa = PBXFileReference; lastKnownFileType = sourcecode.swift; path = Route.swift; sourceTree = "<group>"; };
		7E8F4DB52FDD54120002DDB5 /* RoutePoint.swift */ = {isa = PBXFileReference; lastKnownFileType = sourcecode.swift; path = RoutePoint.swift; sourceTree = "<group>"; };
		7E8F4DB72FDD54D90002DDB5 /* PlaybackState.swift */ = {isa = PBXFileReference; lastKnownFileType = sourcecode.swift; path = PlaybackState.swift; sourceTree = "<group>"; };
		7E8F4DBD2FDD57DB0002DDB5 /* VehicleRepositoryImpl.swift */ = {isa = PBXFileReference; lastKnownFileType = sourcecode.swift; path = VehicleRepositoryImpl.swift; sourceTree = "<group>"; };
		7E8F4DC02FDD58470002DDB5 /* VehicleMapper.swift */ = {isa = PBXFileReference; lastKnownFileType = sourcecode.swift; path = VehicleMapper.swift; sourceTree = "<group>"; };
		7E8F4DC52FDD5A850002DDB5 /* LoaderPresenting.swift */ = {isa = PBXFileReference; lastKnownFileType = sourcecode.swift; path = LoaderPresenting.swift; sourceTree = "<group>"; };
		7E8F4DC72FDD5A850002DDB5 /* LoaderPresenter.swift */ = {isa = PBXFileReference; lastKnownFileType = sourcecode.swift; path = LoaderPresenter.swift; sourceTree = "<group>"; };
		7E8F4DCE2FDD5F4C0002DDB5 /* Map.storyboard */ = {isa = PBXFileReference; lastKnownFileType = file.storyboard; path = Map.storyboard; sourceTree = "<group>"; };
		7E8F4DE42FDD60C90002DDB5 /* SplashCoordinating.swift */ = {isa = PBXFileReference; lastKnownFileType = sourcecode.swift; path = SplashCoordinating.swift; sourceTree = "<group>"; };
		7E8F4DE62FDD60F10002DDB5 /* SplashFactory.swift */ = {isa = PBXFileReference; lastKnownFileType = sourcecode.swift; path = SplashFactory.swift; sourceTree = "<group>"; };
		7E8F4DE82FDD61050002DDB5 /* SplashCoordinator.swift */ = {isa = PBXFileReference; lastKnownFileType = sourcecode.swift; path = SplashCoordinator.swift; sourceTree = "<group>"; };
		7E8F4DEA2FDD61B60002DDB5 /* DefaultSplashFactory.swift */ = {isa = PBXFileReference; lastKnownFileType = sourcecode.swift; path = DefaultSplashFactory.swift; sourceTree = "<group>"; };
		7E8F4DEC2FDD63210002DDB5 /* SplashViewModel.swift */ = {isa = PBXFileReference; lastKnownFileType = sourcecode.swift; path = SplashViewModel.swift; sourceTree = "<group>"; };
		7E8F4DF02FDD66C10002DDB5 /* SplashStrings.swift */ = {isa = PBXFileReference; lastKnownFileType = sourcecode.swift; path = SplashStrings.swift; sourceTree = "<group>"; };
		7E8F4DF22FDD6B030002DDB5 /* VehicleCountPickerStrings.swift */ = {isa = PBXFileReference; lastKnownFileType = sourcecode.swift; path = VehicleCountPickerStrings.swift; sourceTree = "<group>"; };
		7E8F4DF52FDD80D30002DDB5 /* DriverGenerationService.swift */ = {isa = PBXFileReference; lastKnownFileType = sourcecode.swift; path = DriverGenerationService.swift; sourceTree = "<group>"; };
		7E8F4DF72FDD80E90002DDB5 /* DefaultDriverGenerationService.swift */ = {isa = PBXFileReference; lastKnownFileType = sourcecode.swift; path = DefaultDriverGenerationService.swift; sourceTree = "<group>"; };
		7E8F4DFB2FDD81550002DDB5 /* RouteGenerationService.swift */ = {isa = PBXFileReference; lastKnownFileType = sourcecode.swift; path = RouteGenerationService.swift; sourceTree = "<group>"; };
		7E8F4DFD2FDD81730002DDB5 /* DefaultRouteGenerationService.swift */ = {isa = PBXFileReference; lastKnownFileType = sourcecode.swift; path = DefaultRouteGenerationService.swift; sourceTree = "<group>"; };
		7E8F4E002FDD81C90002DDB5 /* MKPolyline+Extension.swift */ = {isa = PBXFileReference; lastKnownFileType = sourcecode.swift; path = "MKPolyline+Extension.swift"; sourceTree = "<group>"; };
		7E8F4E032FDD82150002DDB5 /* SessionBootstrapService.swift */ = {isa = PBXFileReference; lastKnownFileType = sourcecode.swift; path = SessionBootstrapService.swift; sourceTree = "<group>"; };
		7E8F4E052FDD82200002DDB5 /* DefaultSessionBootstrapService.swift */ = {isa = PBXFileReference; lastKnownFileType = sourcecode.swift; path = DefaultSessionBootstrapService.swift; sourceTree = "<group>"; };
		7E8F4E082FDD83D10002DDB5 /* VehicleType.swift */ = {isa = PBXFileReference; lastKnownFileType = sourcecode.swift; path = VehicleType.swift; sourceTree = "<group>"; };
		7E8F4E0A2FDD83E40002DDB5 /* DriverSeedData.swift */ = {isa = PBXFileReference; lastKnownFileType = sourcecode.swift; path = DriverSeedData.swift; sourceTree = "<group>"; };
		7E8F4E0D2FDD852D0002DDB5 /* RouteGenerationError.swift */ = {isa = PBXFileReference; lastKnownFileType = sourcecode.swift; path = RouteGenerationError.swift; sourceTree = "<group>"; };
		7E8F4E102FDD8BD70002DDB5 /* RouteRepository.swift */ = {isa = PBXFileReference; lastKnownFileType = sourcecode.swift; path = RouteRepository.swift; sourceTree = "<group>"; };
		7E8F4E122FDD8BF60002DDB5 /* RouteRepositoryImpl.swift */ = {isa = PBXFileReference; lastKnownFileType = sourcecode.swift; path = RouteRepositoryImpl.swift; sourceTree = "<group>"; };
		7E8F4E142FDD9C5F0002DDB5 /* RouteMapper.swift */ = {isa = PBXFileReference; lastKnownFileType = sourcecode.swift; path = RouteMapper.swift; sourceTree = "<group>"; };
		7E8F4E162FDD9C780002DDB5 /* RoutePointMapper.swift */ = {isa = PBXFileReference; lastKnownFileType = sourcecode.swift; path = RoutePointMapper.swift; sourceTree = "<group>"; };
		7E8F4E192FDD9CCF0002DDB5 /* NSManagedObjectContext+Extension.swift */ = {isa = PBXFileReference; lastKnownFileType = sourcecode.swift; path = "NSManagedObjectContext+Extension.swift"; sourceTree = "<group>"; };
		7E8F4E1D2FDD9D660002DDB5 /* RepositoryError.swift */ = {isa = PBXFileReference; lastKnownFileType = sourcecode.swift; path = RepositoryError.swift; sourceTree = "<group>"; };
		7E8F4E202FDDA01A0002DDB5 /* SessionStatus.swift */ = {isa = PBXFileReference; lastKnownFileType = sourcecode.swift; path = SessionStatus.swift; sourceTree = "<group>"; };
		7E8F4E342FDDB00D0002DDB5 /* MapCoordinator.swift */ = {isa = PBXFileReference; lastKnownFileType = sourcecode.swift; path = MapCoordinator.swift; sourceTree = "<group>"; };
		7E8F4E362FDDB00D0002DDB5 /* DefaultMapFactory.swift */ = {isa = PBXFileReference; lastKnownFileType = sourcecode.swift; path = DefaultMapFactory.swift; sourceTree = "<group>"; };
		7E8F4E3C2FDDB0190002DDB5 /* MapCoordinating.swift */ = {isa = PBXFileReference; lastKnownFileType = sourcecode.swift; path = MapCoordinating.swift; sourceTree = "<group>"; };
		7E8F4E3E2FDDB05B0002DDB5 /* MapFactory.swift */ = {isa = PBXFileReference; lastKnownFileType = sourcecode.swift; path = MapFactory.swift; sourceTree = "<group>"; };
		7E8F4E452FDDB38C0002DDB5 /* MapViewModel.swift */ = {isa = PBXFileReference; lastKnownFileType = sourcecode.swift; path = MapViewModel.swift; sourceTree = "<group>"; };
		7E8F4E472FDDB3E20002DDB5 /* MapVC.swift */ = {isa = PBXFileReference; lastKnownFileType = sourcecode.swift; path = MapVC.swift; sourceTree = "<group>"; };
		7E8F4E4E2FDDB9660002DDB5 /* LiquidGlassButtonAction.swift */ = {isa = PBXFileReference; lastKnownFileType = sourcecode.swift; path = LiquidGlassButtonAction.swift; sourceTree = "<group>"; };
		7E8F4E502FDDB9860002DDB5 /* LiquidGlassButton.swift */ = {isa = PBXFileReference; lastKnownFileType = sourcecode.swift; path = LiquidGlassButton.swift; sourceTree = "<group>"; };
		7E8F4E522FDDB9BF0002DDB5 /* LiquidGlassSearchBarAction.swift */ = {isa = PBXFileReference; lastKnownFileType = sourcecode.swift; path = LiquidGlassSearchBarAction.swift; sourceTree = "<group>"; };
		7E8F4E542FDDB9DD0002DDB5 /* LiquidGlassSearchBar.swift */ = {isa = PBXFileReference; lastKnownFileType = sourcecode.swift; path = LiquidGlassSearchBar.swift; sourceTree = "<group>"; };
		7E8F4E5B2FDDCE370002DDB5 /* SearchVehicleVC.swift */ = {isa = PBXFileReference; lastKnownFileType = sourcecode.swift; path = SearchVehicleVC.swift; sourceTree = "<group>"; };
		7E8F4E5D2FDDD42F0002DDB5 /* SearchVehicleViewModel.swift */ = {isa = PBXFileReference; lastKnownFileType = sourcecode.swift; path = SearchVehicleViewModel.swift; sourceTree = "<group>"; };
		7E8F4E612FDDD47B0002DDB5 /* SearchVehicleCoordinating.swift */ = {isa = PBXFileReference; lastKnownFileType = sourcecode.swift; path = SearchVehicleCoordinating.swift; sourceTree = "<group>"; };
		7E8F4E652FDDD8620002DDB5 /* SearchVehicleTableViewCell.swift */ = {isa = PBXFileReference; lastKnownFileType = sourcecode.swift; path = SearchVehicleTableViewCell.swift; sourceTree = "<group>"; };
		7E8F4E682FDDD8B60002DDB5 /* SearchVehicleTableViewDataSourceHandler.swift */ = {isa = PBXFileReference; lastKnownFileType = sourcecode.swift; path = SearchVehicleTableViewDataSourceHandler.swift; sourceTree = "<group>"; };
		7E8F4E6A2FDDE4E50002DDB5 /* DarkGlassButton.swift */ = {isa = PBXFileReference; lastKnownFileType = sourcecode.swift; path = DarkGlassButton.swift; sourceTree = "<group>"; };
		7E8F4E6C2FDDE97B0002DDB5 /* DarkGlassSearchBar.swift */ = {isa = PBXFileReference; lastKnownFileType = sourcecode.swift; path = DarkGlassSearchBar.swift; sourceTree = "<group>"; };
/* End PBXFileReference section */

/* Begin PBXFrameworksBuildPhase section */
		7E3975FA2FDCA700002837A8 /* Frameworks */ = {
			isa = PBXFrameworksBuildPhase;
			buildActionMask = 2147483647;
			files = (
				7E8F4DC42FDD590B0002DDB5 /* IQKeyboardManagerSwift in Frameworks */,
			);
			runOnlyForDeploymentPostprocessing = 0;
		};
/* End PBXFrameworksBuildPhase section */

/* Begin PBXGroup section */
		7E3975F42FDCA700002837A8 = {
			isa = PBXGroup;
			children = (
				7E3976462FDD1601002837A8 /* Luminious */,
				7E3975FE2FDCA700002837A8 /* Products */,
			);
			sourceTree = "<group>";
		};
		7E3975FE2FDCA700002837A8 /* Products */ = {
			isa = PBXGroup;
			children = (
				7E3975FD2FDCA700002837A8 /* Luminious.app */,
			);
			name = Products;
			sourceTree = "<group>";
		};
		7E39762E2FDD1601002837A8 /* App */ = {
			isa = PBXGroup;
			children = (
				7E39762B2FDD1601002837A8 /* AppDelegate.swift */,
				7E39762D2FDD1601002837A8 /* SceneDelegate.swift */,
				7E8F4DCC2FDD5BF90002DDB5 /* Container */,
				7E8F4DCD2FDD5C020002DDB5 /* Coordinator */,
			);
			path = App;
			sourceTree = "<group>";
		};
		7E39762F2FDD1601002837A8 /* Components */ = {
			isa = PBXGroup;
			children = (
				7E8F4E4D2FDDB95A0002DDB5 /* Domain */,
				7E8F4E4A2FDDB8110002DDB5 /* LiquidGlassViews */,
				7E8F4E492FDDB7FB0002DDB5 /* RoundCornerView */,
			);
			path = Components;
			sourceTree = "<group>";
		};
		7E3976302FDD1601002837A8 /* Constants */ = {
			isa = PBXGroup;
			children = (
				7E8F4DF22FDD6B030002DDB5 /* VehicleCountPickerStrings.swift */,
			);
			path = Constants;
			sourceTree = "<group>";
		};
		7E3976312FDD1601002837A8 /* Extensions */ = {
			isa = PBXGroup;
			children = (
				7E8F4DFF2FDD81B70002DDB5 /* PolyLine */,
				7E3976902FDD2C8F002837A8 /* Foundation */,
				7E3976892FDD2C77002837A8 /* Location */,
				7E3976AB2FDD2C95002837A8 /* UIKit */,
			);
			path = Extensions;
			sourceTree = "<group>";
		};
		7E3976322FDD1601002837A8 /* Common */ = {
			isa = PBXGroup;
			children = (
				7E3976302FDD1601002837A8 /* Constants */,
				7E3976312FDD1601002837A8 /* Extensions */,
			);
			path = Common;
			sourceTree = "<group>";
		};
		7E3976332FDD1601002837A8 /* Models */ = {
			isa = PBXGroup;
			children = (
				7E3976642FDD2C0A002837A8 /* Coordinate.swift */,
			);
			path = Models;
			sourceTree = "<group>";
		};
		7E3976342FDD1601002837A8 /* Persistence */ = {
			isa = PBXGroup;
			children = (
			);
			path = Persistence;
			sourceTree = "<group>";
		};
		7E3976352FDD1601002837A8 /* Services */ = {
			isa = PBXGroup;
			children = (
			);
			path = Services;
			sourceTree = "<group>";
		};
		7E3976362FDD1601002837A8 /* Core */ = {
			isa = PBXGroup;
			children = (
				7E3976812FDD2C4B002837A8 /* ActionQueue */,
				7E39762F2FDD1601002837A8 /* Components */,
				7E3976602FDD2C00002837A8 /* Eventing */,
				7E3976332FDD1601002837A8 /* Models */,
				7E3976722FDD2C22002837A8 /* Navigation */,
				7E3976342FDD1601002837A8 /* Persistence */,
				7E3976352FDD1601002837A8 /* Services */,
			);
			path = Core;
			sourceTree = "<group>";
		};
		7E39763E2FDD1601002837A8 /* Features */ = {
			isa = PBXGroup;
			children = (
				7E8F4E442FDDB3330002DDB5 /* Launch */,
				7E8F4E222FDDAF040002DDB5 /* Map */,
				7E8F4DDD2FDD60160002DDB5 /* Splash */,
			);
			path = Features;
			sourceTree = "<group>";
		};
		7E3976402FDD1601002837A8 /* Resources */ = {
			isa = PBXGroup;
			children = (
				7E39762C2FDD1601002837A8 /* Assets.xcassets */,
			);
			path = Resources;
			sourceTree = "<group>";
		};
		7E3976462FDD1601002837A8 /* Luminious */ = {
			isa = PBXGroup;
			children = (
				7E39763F2FDD1601002837A8 /* Info.plist */,
				7E39762E2FDD1601002837A8 /* App */,
				7E3976322FDD1601002837A8 /* Common */,
				7E3976362FDD1601002837A8 /* Core */,
				7E39763E2FDD1601002837A8 /* Features */,
				7E3976BA2FDD2CB1002837A8 /* Infrastructure */,
				7E3976402FDD1601002837A8 /* Resources */,
				7E3977152FDD36E1002837A8 /* VehicleTracking.xcdatamodeld */,
			);
			path = Luminious;
			sourceTree = "<group>";
		};
		7E39764F2FDD16D5002837A8 /* Resource */ = {
			isa = PBXGroup;
			children = (
				7E3976422FDD1601002837A8 /* LaunchScreen.storyboard */,
			);
			path = Resource;
			sourceTree = "<group>";
		};
		7E39765B2FDD2C00002837A8 /* Bus */ = {
			isa = PBXGroup;
			children = (
				7E39765A2FDD2C00002837A8 /* AppEventBus.swift */,
			);
			path = Bus;
			sourceTree = "<group>";
		};
		7E39765D2FDD2C00002837A8 /* Events */ = {
			isa = PBXGroup;
			children = (
				7E39765C2FDD2C00002837A8 /* AppEvent.swift */,
			);
			path = Events;
			sourceTree = "<group>";
		};
		7E39765F2FDD2C00002837A8 /* Protocols */ = {
			isa = PBXGroup;
			children = (
				7E39765E2FDD2C00002837A8 /* AppEventDispatching.swift */,
			);
			path = Protocols;
			sourceTree = "<group>";
		};
		7E3976602FDD2C00002837A8 /* Eventing */ = {
			isa = PBXGroup;
			children = (
				7E39765B2FDD2C00002837A8 /* Bus */,
				7E39765D2FDD2C00002837A8 /* Events */,
				7E39765F2FDD2C00002837A8 /* Protocols */,
			);
			path = Eventing;
			sourceTree = "<group>";
		};
		7E39766C2FDD2C22002837A8 /* Storyboard */ = {
			isa = PBXGroup;
			children = (
				7E3976692FDD2C22002837A8 /* StoryBoard.swift */,
				7E39766A2FDD2C22002837A8 /* Storyboarded.swift */,
				7E39766B2FDD2C22002837A8 /* Storyboarded+Extension.swift */,
			);
			path = Storyboard;
			sourceTree = "<group>";
		};
		7E39766D2FDD2C22002837A8 /* Presentation */ = {
			isa = PBXGroup;
			children = (
				7E39766C2FDD2C22002837A8 /* Storyboard */,
			);
			path = Presentation;
			sourceTree = "<group>";
		};
		7E3976722FDD2C22002837A8 /* Navigation */ = {
			isa = PBXGroup;
			children = (
				7E39766D2FDD2C22002837A8 /* Presentation */,
			);
			path = Navigation;
			sourceTree = "<group>";
		};
		7E39767A2FDD2C4B002837A8 /* Contracts */ = {
			isa = PBXGroup;
			children = (
				7E3976792FDD2C4B002837A8 /* PendingUIActionHandling.swift */,
			);
			path = Contracts;
			sourceTree = "<group>";
		};
		7E39767E2FDD2C4B002837A8 /* Models */ = {
			isa = PBXGroup;
			children = (
				7E39767B2FDD2C4B002837A8 /* NavigationDestination.swift */,
				7E39767C2FDD2C4B002837A8 /* NavigationStyle.swift */,
				7E39767D2FDD2C4B002837A8 /* PendingUIAction.swift */,
			);
			path = Models;
			sourceTree = "<group>";
		};
		7E3976802FDD2C4B002837A8 /* Services */ = {
			isa = PBXGroup;
			children = (
				7E39767F2FDD2C4B002837A8 /* PendingUIActionHandler.swift */,
			);
			path = Services;
			sourceTree = "<group>";
		};
		7E3976812FDD2C4B002837A8 /* ActionQueue */ = {
			isa = PBXGroup;
			children = (
				7E39767A2FDD2C4B002837A8 /* Contracts */,
				7E39767E2FDD2C4B002837A8 /* Models */,
				7E3976802FDD2C4B002837A8 /* Services */,
			);
			path = ActionQueue;
			sourceTree = "<group>";
		};
		7E3976892FDD2C77002837A8 /* Location */ = {
			isa = PBXGroup;
			children = (
				7E3976872FDD2C77002837A8 /* CLLocationCoordinate2D+Extension .swift */,
				7E3976882FDD2C77002837A8 /* CLLocation+Extension.swift */,
			);
			path = Location;
			sourceTree = "<group>";
		};
		7E3976902FDD2C8F002837A8 /* Foundation */ = {
			isa = PBXGroup;
			children = (
				7E39768C2FDD2C8F002837A8 /* Collection+Extensions.swift */,
				7E39768D2FDD2C8F002837A8 /* Double+Extensions.swift */,
				7E39768E2FDD2C8F002837A8 /* String+Extension.swift */,
				7E39768F2FDD2C8F002837A8 /* String+Validation.swift */,
			);
			path = Foundation;
			sourceTree = "<group>";
		};
		7E39769C2FDD2C95002837A8 /* UIDate */ = {
			isa = PBXGroup;
			children = (
				7E39769A2FDD2C95002837A8 /* Date+Extension.swift */,
			);
			path = UIDate;
			sourceTree = "<group>";
		};
		7E39769E2FDD2C95002837A8 /* UIImage */ = {
			isa = PBXGroup;
			children = (
				7E39769D2FDD2C95002837A8 /* UIImage+Resize.swift */,
			);
			path = UIImage;
			sourceTree = "<group>";
		};
		7E3976A02FDD2C95002837A8 /* UInt64 */ = {
			isa = PBXGroup;
			children = (
				7E39769F2FDD2C95002837A8 /* UInt64+Extension.swift */,
			);
			path = UInt64;
			sourceTree = "<group>";
		};
		7E3976AA2FDD2C95002837A8 /* UIViewController */ = {
			isa = PBXGroup;
			children = (
				7E3976A72FDD2C95002837A8 /* UIViewController+Alert.swift */,
				7E3976A82FDD2C95002837A8 /* UIViewController+Gesture.swift */,
				7E3976A92FDD2C95002837A8 /* UIViewController+Navigation.swift */,
			);
			path = UIViewController;
			sourceTree = "<group>";
		};
		7E3976AB2FDD2C95002837A8 /* UIKit */ = {
			isa = PBXGroup;
			children = (
				7E3976952FDD2C95002837A8 /* TapGestureAddable.swift */,
				7E3976962FDD2C95002837A8 /* UITextField+Publisher.swift */,
				7E3976972FDD2C95002837A8 /* UITextView+Publisher.swift */,
				7E39769C2FDD2C95002837A8 /* UIDate */,
				7E39769E2FDD2C95002837A8 /* UIImage */,
				7E3976A02FDD2C95002837A8 /* UInt64 */,
				7E3976AA2FDD2C95002837A8 /* UIViewController */,
			);
			path = UIKit;
			sourceTree = "<group>";
		};
		7E3976BA2FDD2CB1002837A8 /* Infrastructure */ = {
			isa = PBXGroup;
			children = (
				7E8F4DF42FDD80A70002DDB5 /* DriverMoke */,
				7E8F4DC92FDD5A850002DDB5 /* Loader */,
				7E8F4DA22FDD4E680002DDB5 /* CoreData */,
				7E3976DF2FDD2CF6002837A8 /* Location */,
				7E3976F02FDD2CF6002837A8 /* ToastManager */,
			);
			path = Infrastructure;
			sourceTree = "<group>";
		};
		7E3976BE2FDD2CF6002837A8 /* Engine */ = {
			isa = PBXGroup;
			children = (
				7E3976BB2FDD2CF6002837A8 /* CompassEngine.swift */,
				7E3976BC2FDD2CF6002837A8 /* CompassEngineDelegate.swift */,
				7E3976BD2FDD2CF6002837A8 /* CompassHeading.swift */,
			);
			path = Engine;
			sourceTree = "<group>";
		};
		7E3976C02FDD2CF6002837A8 /* Extensions */ = {
			isa = PBXGroup;
			children = (
				7E3976BF2FDD2CF6002837A8 /* CGFloat+Radians.swift */,
			);
			path = Extensions;
			sourceTree = "<group>";
		};
		7E3976C42FDD2CF6002837A8 /* Orientation */ = {
			isa = PBXGroup;
			children = (
				7E3976C12FDD2CF6002837A8 /* DeviceOrientationProvider.swift */,
				7E3976C22FDD2CF6002837A8 /* OrientationCorrector.swift */,
				7E3976C32FDD2CF6002837A8 /* OrientationProviding.swift */,
			);
			path = Orientation;
			sourceTree = "<group>";
		};
		7E3976C72FDD2CF6002837A8 /* Processing */ = {
			isa = PBXGroup;
			children = (
				7E3976C52FDD2CF6002837A8 /* DefaultHeadingProcessor.swift */,
				7E3976C62FDD2CF6002837A8 /* HeadingProcessing.swift */,
			);
			path = Processing;
			sourceTree = "<group>";
		};
		7E3976CB2FDD2CF6002837A8 /* Sensor */ = {
			isa = PBXGroup;
			children = (
				7E3976C82FDD2CF6002837A8 /* HeadingSensor.swift */,
				7E3976C92FDD2CF6002837A8 /* HeadingSensorDelegate.swift */,
				7E3976CA2FDD2CF6002837A8 /* HeadingSensoring.swift */,
			);
			path = Sensor;
			sourceTree = "<group>";
		};
		7E3976CC2FDD2CF6002837A8 /* Compass */ = {
			isa = PBXGroup;
			children = (
				7E3976BE2FDD2CF6002837A8 /* Engine */,
				7E3976C02FDD2CF6002837A8 /* Extensions */,
				7E3976C42FDD2CF6002837A8 /* Orientation */,
				7E3976C72FDD2CF6002837A8 /* Processing */,
				7E3976CB2FDD2CF6002837A8 /* Sensor */,
			);
			path = Compass;
			sourceTree = "<group>";
		};
		7E3976D12FDD2CF6002837A8 /* Model */ = {
			isa = PBXGroup;
			children = (
				7E3976CF2FDD2CF6002837A8 /* AddressModel.swift */,
				7E3976D02FDD2CF6002837A8 /* PlaceDisplay.swift */,
			);
			path = Model;
			sourceTree = "<group>";
		};
		7E3976D22FDD2CF6002837A8 /* Core */ = {
			isa = PBXGroup;
			children = (
				7E3976CD2FDD2CF6002837A8 /* LocationManager.swift */,
				7E3976CE2FDD2CF6002837A8 /* LocationProviding.swift */,
				7E3976D12FDD2CF6002837A8 /* Model */,
			);
			path = Core;
			sourceTree = "<group>";
		};
		7E3976D42FDD2CF6002837A8 /* Extensions */ = {
			isa = PBXGroup;
			children = (
				7E3976D32FDD2CF6002837A8 /* CLLocation+Array.swift */,
			);
			path = Extensions;
			sourceTree = "<group>";
		};
		7E3976D62FDD2CF6002837A8 /* Formatting */ = {
			isa = PBXGroup;
			children = (
				7E3976D52FDD2CF6002837A8 /* AddressFormatter.swift */,
			);
			path = Formatting;
			sourceTree = "<group>";
		};
		7E3976DB2FDD2CF6002837A8 /* Geocoding */ = {
			isa = PBXGroup;
			children = (
				7E3976D72FDD2CF6002837A8 /* GeocodingService.swift */,
				7E3976D82FDD2CF6002837A8 /* GeocodingServiceing.swift */,
				7E3976D92FDD2CF6002837A8 /* ReverseGeocoder.swift */,
				7E3976DA2FDD2CF6002837A8 /* ReverseGeocodingService.swift */,
			);
			path = Geocoding;
			sourceTree = "<group>";
		};
		7E3976DE2FDD2CF6002837A8 /* Mapping */ = {
			isa = PBXGroup;
			children = (
				7E3976DC2FDD2CF6002837A8 /* AddressMapper.swift */,
				7E3976DD2FDD2CF6002837A8 /* PlaceDisplayMapper.swift */,
			);
			path = Mapping;
			sourceTree = "<group>";
		};
		7E3976DF2FDD2CF6002837A8 /* Location */ = {
			isa = PBXGroup;
			children = (
				7E3976CC2FDD2CF6002837A8 /* Compass */,
				7E3976D22FDD2CF6002837A8 /* Core */,
				7E3976D42FDD2CF6002837A8 /* Extensions */,
				7E3976D62FDD2CF6002837A8 /* Formatting */,
				7E3976DB2FDD2CF6002837A8 /* Geocoding */,
				7E3976DE2FDD2CF6002837A8 /* Mapping */,
			);
			path = Location;
			sourceTree = "<group>";
		};
		7E3976E22FDD2CF6002837A8 /* Animation */ = {
			isa = PBXGroup;
			children = (
				7E3976E02FDD2CF6002837A8 /* AnimationType.swift */,
				7E3976E12FDD2CF6002837A8 /* Direction.swift */,
			);
			path = Animation;
			sourceTree = "<group>";
		};
		7E3976E82FDD2CF6002837A8 /* Core */ = {
			isa = PBXGroup;
			children = (
				7E3976E32FDD2CF6002837A8 /* ToastConfiguration.swift */,
				7E3976E42FDD2CF6002837A8 /* ToastPresenting.swift */,
				7E3976E52FDD2CF6002837A8 /* ToastQueue.swift */,
				7E3976E62FDD2CF6002837A8 /* ToastStyle.swift */,
				7E3976E72FDD2CF6002837A8 /* ToastViewConfiguration.swift */,
			);
			path = Core;
			sourceTree = "<group>";
		};
		7E3976EA2FDD2CF6002837A8 /* Engine */ = {
			isa = PBXGroup;
			children = (
				7E3976E92FDD2CF6002837A8 /* ToastMain.swift */,
			);
			path = Engine;
			sourceTree = "<group>";
		};
		7E3976EF2FDD2CF6002837A8 /* Presentation */ = {
			isa = PBXGroup;
			children = (
				7E3976EB2FDD2CF6002837A8 /* AppleToastView.swift */,
				7E3976EC2FDD2CF6002837A8 /* IconAppleToastView.swift */,
				7E3976ED2FDD2CF6002837A8 /* ToastPresenter.swift */,
				7E3976EE2FDD2CF6002837A8 /* ToastView.swift */,
			);
			path = Presentation;
			sourceTree = "<group>";
		};
		7E3976F02FDD2CF6002837A8 /* ToastManager */ = {
			isa = PBXGroup;
			children = (
				7E3976E22FDD2CF6002837A8 /* Animation */,
				7E3976E82FDD2CF6002837A8 /* Core */,
				7E3976EA2FDD2CF6002837A8 /* Engine */,
				7E3976EF2FDD2CF6002837A8 /* Presentation */,
			);
			path = ToastManager;
			sourceTree = "<group>";
		};
		7E6CE86B2FDE820F00F30949 /* Simulation */ = {
			isa = PBXGroup;
			children = (
				7E6CE8692FDE820F00F30949 /* DefaultVehicleSimulationService.swift */,
				7E6CE86A2FDE820F00F30949 /* VehicleSimulationService.swift */,
			);
			path = Simulation;
			sourceTree = "<group>";
		};
		7E8F4DA22FDD4E680002DDB5 /* CoreData */ = {
			isa = PBXGroup;
			children = (
				7E8F4DA32FDD4E890002DDB5 /* CoreDataContextProvider.swift */,
				7E8F4DA52FDD51C60002DDB5 /* CoreDataStack.swift */,
				7E8F4E1B2FDD9D3A0002DDB5 /* Domain */,
				7E8F4E182FDD9CBE0002DDB5 /* Extension */,
				7E8F4DBB2FDD56060002DDB5 /* Mappers */,
				7E8F4DB92FDD55EF0002DDB5 /* Models */,
				7E8F4DBA2FDD55FC0002DDB5 /* Repositories */,
			);
			path = CoreData;
			sourceTree = "<group>";
		};
		7E8F4DB92FDD55EF0002DDB5 /* Models */ = {
			isa = PBXGroup;
			children = (
				7E8F4DB72FDD54D90002DDB5 /* PlaybackState.swift */,
				7E8F4DB32FDD53F00002DDB5 /* Route.swift */,
				7E8F4DB52FDD54120002DDB5 /* RoutePoint.swift */,
				7E8F4DA92FDD52490002DDB5 /* Session.swift */,
				7E8F4DB12FDD53C30002DDB5 /* Vehicle.swift */,
			);
			path = Models;
			sourceTree = "<group>";
		};
		7E8F4DBA2FDD55FC0002DDB5 /* Repositories */ = {
			isa = PBXGroup;
			children = (
				7E8F4E0F2FDD8BC40002DDB5 /* Route */,
				7E8F4DBC2FDD56A30002DDB5 /* Session */,
				7E8F4DBF2FDD57E00002DDB5 /* Vehicle */,
			);
			path = Repositories;
			sourceTree = "<group>";
		};
		7E8F4DBB2FDD56060002DDB5 /* Mappers */ = {
			isa = PBXGroup;
			children = (
				7E8F4E142FDD9C5F0002DDB5 /* RouteMapper.swift */,
				7E8F4E162FDD9C780002DDB5 /* RoutePointMapper.swift */,
				7E8F4DAB2FDD52800002DDB5 /* SessionMapper.swift */,
				7E8F4DC02FDD58470002DDB5 /* VehicleMapper.swift */,
			);
			path = Mappers;
			sourceTree = "<group>";
		};
		7E8F4DBC2FDD56A30002DDB5 /* Session */ = {
			isa = PBXGroup;
			children = (
				7E8F4DA72FDD52330002DDB5 /* SessionRepository.swift */,
				7E8F4DAD2FDD52A80002DDB5 /* SessionRepositoryImpl.swift */,
			);
			path = Session;
			sourceTree = "<group>";
		};
		7E8F4DBF2FDD57E00002DDB5 /* Vehicle */ = {
			isa = PBXGroup;
			children = (
				7E8F4DAF2FDD52C20002DDB5 /* VehicleRepository.swift */,
				7E8F4DBD2FDD57DB0002DDB5 /* VehicleRepositoryImpl.swift */,
			);
			path = Vehicle;
			sourceTree = "<group>";
		};
		7E8F4DC62FDD5A850002DDB5 /* Core */ = {
			isa = PBXGroup;
			children = (
				7E8F4DC52FDD5A850002DDB5 /* LoaderPresenting.swift */,
			);
			path = Core;
			sourceTree = "<group>";
		};
		7E8F4DC82FDD5A850002DDB5 /* Presentation */ = {
			isa = PBXGroup;
			children = (
				7E8F4DC72FDD5A850002DDB5 /* LoaderPresenter.swift */,
			);
			path = Presentation;
			sourceTree = "<group>";
		};
		7E8F4DC92FDD5A850002DDB5 /* Loader */ = {
			isa = PBXGroup;
			children = (
				7E8F4DC62FDD5A850002DDB5 /* Core */,
				7E8F4DC82FDD5A850002DDB5 /* Presentation */,
			);
			path = Loader;
			sourceTree = "<group>";
		};
		7E8F4DCC2FDD5BF90002DDB5 /* Container */ = {
			isa = PBXGroup;
			children = (
				7E3976562FDD2BDA002837A8 /* AppContainer.swift */,
			);
			path = Container;
			sourceTree = "<group>";
		};
		7E8F4DCD2FDD5C020002DDB5 /* Coordinator */ = {
			isa = PBXGroup;
			children = (
				7E3976672FDD2C22002837A8 /* Coordinating.swift */,
				7E3976572FDD2BDA002837A8 /* AppCoordinator.swift */,
			);
			path = Coordinator;
			sourceTree = "<group>";
		};
		7E8F4DD12FDD60160002DDB5 /* Coordinator */ = {
			isa = PBXGroup;
			children = (
				7E8F4DE82FDD61050002DDB5 /* SplashCoordinator.swift */,
			);
			path = Coordinator;
			sourceTree = "<group>";
		};
		7E8F4DD42FDD60160002DDB5 /* Factory */ = {
			isa = PBXGroup;
			children = (
				7E8F4DE62FDD60F10002DDB5 /* SplashFactory.swift */,
				7E8F4DEA2FDD61B60002DDB5 /* DefaultSplashFactory.swift */,
			);
			path = Factory;
			sourceTree = "<group>";
		};
		7E8F4DD62FDD60160002DDB5 /* Protocols */ = {
			isa = PBXGroup;
			children = (
				7E8F4DE42FDD60C90002DDB5 /* SplashCoordinating.swift */,
			);
			path = Protocols;
			sourceTree = "<group>";
		};
		7E8F4DD72FDD60160002DDB5 /* Navigation */ = {
			isa = PBXGroup;
			children = (
				7E8F4DD12FDD60160002DDB5 /* Coordinator */,
				7E8F4DD42FDD60160002DDB5 /* Factory */,
				7E8F4DD62FDD60160002DDB5 /* Protocols */,
			);
			path = Navigation;
			sourceTree = "<group>";
		};
		7E8F4DD92FDD60160002DDB5 /* Presentation */ = {
			isa = PBXGroup;
			children = (
				7E3976512FDD2729002837A8 /* SplashVC.swift */,
				7E8F4DEC2FDD63210002DDB5 /* SplashViewModel.swift */,
			);
			path = Presentation;
			sourceTree = "<group>";
		};
		7E8F4DDC2FDD60160002DDB5 /* Resources */ = {
			isa = PBXGroup;
			children = (
				7E3976442FDD1601002837A8 /* Splash.storyboard */,
			);
			path = Resources;
			sourceTree = "<group>";
		};
		7E8F4DDD2FDD60160002DDB5 /* Splash */ = {
			isa = PBXGroup;
			children = (
				7E8F4E432FDDB30E0002DDB5 /* Data */,
				7E8F4DD72FDD60160002DDB5 /* Navigation */,
				7E8F4DD92FDD60160002DDB5 /* Presentation */,
				7E8F4DDC2FDD60160002DDB5 /* Resources */,
			);
			path = Splash;
			sourceTree = "<group>";
		};
		7E8F4DEE2FDD66A40002DDB5 /* Domain */ = {
			isa = PBXGroup;
			children = (
				7E8F4DEF2FDD66AD0002DDB5 /* Constant */,
			);
			path = Domain;
			sourceTree = "<group>";
		};
		7E8F4DEF2FDD66AD0002DDB5 /* Constant */ = {
			isa = PBXGroup;
			children = (
				7E8F4DF02FDD66C10002DDB5 /* SplashStrings.swift */,
			);
			path = Constant;
			sourceTree = "<group>";
		};
		7E8F4DF42FDD80A70002DDB5 /* DriverMoke */ = {
			isa = PBXGroup;
			children = (
				7E6CE86B2FDE820F00F30949 /* Simulation */,
				7E8F4E0C2FDD85240002DDB5 /* Error */,
				7E8F4E072FDD83C00002DDB5 /* Model */,
				7E8F4E022FDD82070002DDB5 /* SessionBootstrap */,
				7E8F4DFA2FDD813B0002DDB5 /* RouteGeneration */,
				7E8F4DF92FDD81020002DDB5 /* DriverGeneration */,
			);
			path = DriverMoke;
			sourceTree = "<group>";
		};
		7E8F4DF92FDD81020002DDB5 /* DriverGeneration */ = {
			isa = PBXGroup;
			children = (
				7E8F4DF72FDD80E90002DDB5 /* DefaultDriverGenerationService.swift */,
				7E8F4DF52FDD80D30002DDB5 /* DriverGenerationService.swift */,
			);
			path = DriverGeneration;
			sourceTree = "<group>";
		};
		7E8F4DFA2FDD813B0002DDB5 /* RouteGeneration */ = {
			isa = PBXGroup;
			children = (
				7E8F4DFB2FDD81550002DDB5 /* RouteGenerationService.swift */,
				7E8F4DFD2FDD81730002DDB5 /* DefaultRouteGenerationService.swift */,
			);
			path = RouteGeneration;
			sourceTree = "<group>";
		};
		7E8F4DFF2FDD81B70002DDB5 /* PolyLine */ = {
			isa = PBXGroup;
			children = (
				7E8F4E002FDD81C90002DDB5 /* MKPolyline+Extension.swift */,
			);
			path = PolyLine;
			sourceTree = "<group>";
		};
		7E8F4E022FDD82070002DDB5 /* SessionBootstrap */ = {
			isa = PBXGroup;
			children = (
				7E8F4E032FDD82150002DDB5 /* SessionBootstrapService.swift */,
				7E8F4E052FDD82200002DDB5 /* DefaultSessionBootstrapService.swift */,
			);
			path = SessionBootstrap;
			sourceTree = "<group>";
		};
		7E8F4E072FDD83C00002DDB5 /* Model */ = {
			isa = PBXGroup;
			children = (
				7E8F4E082FDD83D10002DDB5 /* VehicleType.swift */,
				7E8F4E0A2FDD83E40002DDB5 /* DriverSeedData.swift */,
			);
			path = Model;
			sourceTree = "<group>";
		};
		7E8F4E0C2FDD85240002DDB5 /* Error */ = {
			isa = PBXGroup;
			children = (
				7E8F4E0D2FDD852D0002DDB5 /* RouteGenerationError.swift */,
			);
			path = Error;
			sourceTree = "<group>";
		};
		7E8F4E0F2FDD8BC40002DDB5 /* Route */ = {
			isa = PBXGroup;
			children = (
				7E8F4E102FDD8BD70002DDB5 /* RouteRepository.swift */,
				7E8F4E122FDD8BF60002DDB5 /* RouteRepositoryImpl.swift */,
			);
			path = Route;
			sourceTree = "<group>";
		};
		7E8F4E182FDD9CBE0002DDB5 /* Extension */ = {
			isa = PBXGroup;
			children = (
				7E8F4E192FDD9CCF0002DDB5 /* NSManagedObjectContext+Extension.swift */,
			);
			path = Extension;
			sourceTree = "<group>";
		};
		7E8F4E1B2FDD9D3A0002DDB5 /* Domain */ = {
			isa = PBXGroup;
			children = (
				7E8F4E1F2FDDA00C0002DDB5 /* Model */,
				7E8F4E1C2FDD9D420002DDB5 /* Errors */,
			);
			path = Domain;
			sourceTree = "<group>";
		};
		7E8F4E1C2FDD9D420002DDB5 /* Errors */ = {
			isa = PBXGroup;
			children = (
				7E8F4E1D2FDD9D660002DDB5 /* RepositoryError.swift */,
			);
			path = Errors;
			sourceTree = "<group>";
		};
		7E8F4E1F2FDDA00C0002DDB5 /* Model */ = {
			isa = PBXGroup;
			children = (
				7E8F4E202FDDA01A0002DDB5 /* SessionStatus.swift */,
			);
			path = Model;
			sourceTree = "<group>";
		};
		7E8F4E222FDDAF040002DDB5 /* Map */ = {
			isa = PBXGroup;
			children = (
				7E8F4E422FDDB3020002DDB5 /* Data */,
				7E8F4E672FDDD8AB0002DDB5 /* DataSource */,
				7E8F4E382FDDB00D0002DDB5 /* Navigation */,
				7E8F4E402FDDB2E50002DDB5 /* Presentation */,
				7E8F4E412FDDB2F20002DDB5 /* Resource */,
			);
			path = Map;
			sourceTree = "<group>";
		};
		7E8F4E352FDDB00D0002DDB5 /* Coordinator */ = {
			isa = PBXGroup;
			children = (
				7E8F4E342FDDB00D0002DDB5 /* MapCoordinator.swift */,
			);
			path = Coordinator;
			sourceTree = "<group>";
		};
		7E8F4E372FDDB00D0002DDB5 /* Factory */ = {
			isa = PBXGroup;
			children = (
				7E8F4E3E2FDDB05B0002DDB5 /* MapFactory.swift */,
				7E8F4E362FDDB00D0002DDB5 /* DefaultMapFactory.swift */,
			);
			path = Factory;
			sourceTree = "<group>";
		};
		7E8F4E382FDDB00D0002DDB5 /* Navigation */ = {
			isa = PBXGroup;
			children = (
				7E8F4E352FDDB00D0002DDB5 /* Coordinator */,
				7E8F4E372FDDB00D0002DDB5 /* Factory */,
				7E8F4E3B2FDDB0110002DDB5 /* Protocols */,
			);
			path = Navigation;
			sourceTree = "<group>";
		};
		7E8F4E3B2FDDB0110002DDB5 /* Protocols */ = {
			isa = PBXGroup;
			children = (
				7E8F4E3C2FDDB0190002DDB5 /* MapCoordinating.swift */,
				7E8F4E612FDDD47B0002DDB5 /* SearchVehicleCoordinating.swift */,
			);
			path = Protocols;
			sourceTree = "<group>";
		};
		7E8F4E402FDDB2E50002DDB5 /* Presentation */ = {
			isa = PBXGroup;
			children = (
				7E8F4E5A2FDDCDF60002DDB5 /* Map */,
				7E8F4E582FDDCDCC0002DDB5 /* SearchVehicle */,
				7E8F4E642FDDD8340002DDB5 /* Cell */,
			);
			path = Presentation;
			sourceTree = "<group>";
		};
		7E8F4E412FDDB2F20002DDB5 /* Resource */ = {
			isa = PBXGroup;
			children = (
				7E8F4DCE2FDD5F4C0002DDB5 /* Map.storyboard */,
			);
			path = Resource;
			sourceTree = "<group>";
		};
		7E8F4E422FDDB3020002DDB5 /* Data */ = {
			isa = PBXGroup;
			children = (
				7E8F4E5F2FDDD4570002DDB5 /* Domain */,
			);
			path = Data;
			sourceTree = "<group>";
		};
		7E8F4E432FDDB30E0002DDB5 /* Data */ = {
			isa = PBXGroup;
			children = (
				7E8F4DEE2FDD66A40002DDB5 /* Domain */,
			);
			path = Data;
			sourceTree = "<group>";
		};
		7E8F4E442FDDB3330002DDB5 /* Launch */ = {
			isa = PBXGroup;
			children = (
				7E39764F2FDD16D5002837A8 /* Resource */,
			);
			path = Launch;
			sourceTree = "<group>";
		};
		7E8F4E492FDDB7FB0002DDB5 /* RoundCornerView */ = {
			isa = PBXGroup;
			children = (
				7E3976542FDD294A002837A8 /* BottomRoundedView.swift */,
			);
			path = RoundCornerView;
			sourceTree = "<group>";
		};
		7E8F4E4A2FDDB8110002DDB5 /* LiquidGlassViews */ = {
			isa = PBXGroup;
			children = (
				7E8F4E6A2FDDE4E50002DDB5 /* DarkGlassButton.swift */,
				7E8F4E6C2FDDE97B0002DDB5 /* DarkGlassSearchBar.swift */,
				7E8F4E502FDDB9860002DDB5 /* LiquidGlassButton.swift */,
				7E8F4E542FDDB9DD0002DDB5 /* LiquidGlassSearchBar.swift */,
			);
			path = LiquidGlassViews;
			sourceTree = "<group>";
		};
		7E8F4E4D2FDDB95A0002DDB5 /* Domain */ = {
			isa = PBXGroup;
			children = (
				7E8F4E4E2FDDB9660002DDB5 /* LiquidGlassButtonAction.swift */,
				7E8F4E522FDDB9BF0002DDB5 /* LiquidGlassSearchBarAction.swift */,
			);
			path = Domain;
			sourceTree = "<group>";
		};
		7E8F4E582FDDCDCC0002DDB5 /* SearchVehicle */ = {
			isa = PBXGroup;
			children = (
				7E8F4E5B2FDDCE370002DDB5 /* SearchVehicleVC.swift */,
				7E8F4E5D2FDDD42F0002DDB5 /* SearchVehicleViewModel.swift */,
			);
			path = SearchVehicle;
			sourceTree = "<group>";
		};
		7E8F4E5A2FDDCDF60002DDB5 /* Map */ = {
			isa = PBXGroup;
			children = (
				7E8F4E472FDDB3E20002DDB5 /* MapVC.swift */,
				7E8F4E452FDDB38C0002DDB5 /* MapViewModel.swift */,
			);
			path = Map;
			sourceTree = "<group>";
		};
		7E8F4E5F2FDDD4570002DDB5 /* Domain */ = {
			isa = PBXGroup;
			children = (
			);
			path = Domain;
			sourceTree = "<group>";
		};
		7E8F4E642FDDD8340002DDB5 /* Cell */ = {
			isa = PBXGroup;
			children = (
				7E8F4E652FDDD8620002DDB5 /* SearchVehicleTableViewCell.swift */,
			);
			path = Cell;
			sourceTree = "<group>";
		};
		7E8F4E672FDDD8AB0002DDB5 /* DataSource */ = {
			isa = PBXGroup;
			children = (
				7E8F4E682FDDD8B60002DDB5 /* SearchVehicleTableViewDataSourceHandler.swift */,
			);
			path = DataSource;
			sourceTree = "<group>";
		};
/* End PBXGroup section */

/* Begin PBXNativeTarget section */
		7E3975FC2FDCA700002837A8 /* Luminious */ = {
			isa = PBXNativeTarget;
			buildConfigurationList = 7E3976102FDCA703002837A8 /* Build configuration list for PBXNativeTarget "Luminious" */;
			buildPhases = (
				7E3975F92FDCA700002837A8 /* Sources */,
				7E3975FA2FDCA700002837A8 /* Frameworks */,
				7E3975FB2FDCA700002837A8 /* Resources */,
			);
			buildRules = (
			);
			dependencies = (
			);
			name = Luminious;
			packageProductDependencies = (
				7E8F4DC32FDD590B0002DDB5 /* IQKeyboardManagerSwift */,
			);
			productName = Luminious;
			productReference = 7E3975FD2FDCA700002837A8 /* Luminious.app */;
			productType = "com.apple.product-type.application";
		};
/* End PBXNativeTarget section */

/* Begin PBXProject section */
		7E3975F52FDCA700002837A8 /* Project object */ = {
			isa = PBXProject;
			attributes = {
				BuildIndependentTargetsInParallel = 1;
				LastSwiftUpdateCheck = 2650;
				LastUpgradeCheck = 2650;
				TargetAttributes = {
					7E3975FC2FDCA700002837A8 = {
						CreatedOnToolsVersion = 26.5;
					};
				};
			};
			buildConfigurationList = 7E3975F82FDCA700002837A8 /* Build configuration list for PBXProject "Luminious" */;
			developmentRegion = en;
			hasScannedForEncodings = 0;
			knownRegions = (
				en,
				Base,
			);
			mainGroup = 7E3975F42FDCA700002837A8;
			minimizedProjectReferenceProxies = 1;
			packageReferences = (
				7E8F4DC22FDD590B0002DDB5 /* XCRemoteSwiftPackageReference "IQKeyboardManager" */,
			);
			preferredProjectObjectVersion = 77;
			productRefGroup = 7E3975FE2FDCA700002837A8 /* Products */;
			projectDirPath = "";
			projectRoot = "";
			targets = (
				7E3975FC2FDCA700002837A8 /* Luminious */,
			);
		};
/* End PBXProject section */

/* Begin PBXResourcesBuildPhase section */
		7E3975FB2FDCA700002837A8 /* Resources */ = {
			isa = PBXResourcesBuildPhase;
			buildActionMask = 2147483647;
			files = (
				7E39764A2FDD1601002837A8 /* Assets.xcassets in Resources */,
				7E39764C2FDD1601002837A8 /* LaunchScreen.storyboard in Resources */,
				7E39764D2FDD1601002837A8 /* Splash.storyboard in Resources */,
				7E8F4DCF2FDD5F4C0002DDB5 /* Map.storyboard in Resources */,
			);
			runOnlyForDeploymentPostprocessing = 0;
		};
/* End PBXResourcesBuildPhase section */

/* Begin PBXSourcesBuildPhase section */
		7E3975F92FDCA700002837A8 /* Sources */ = {
			isa = PBXSourcesBuildPhase;
			buildActionMask = 2147483647;
			files = (
				7E8F4E092FDD83D10002DDB5 /* VehicleType.swift in Sources */,
				7E3976472FDD1601002837A8 /* AppDelegate.swift in Sources */,
				7E3976482FDD1601002837A8 /* SceneDelegate.swift in Sources */,
				7E3976742FDD2C22002837A8 /* Storyboarded.swift in Sources */,
				7E8F4DFC2FDD81550002DDB5 /* RouteGenerationService.swift in Sources */,
				7E8F4E482FDDB3E20002DDB5 /* MapVC.swift in Sources */,
				7E8F4DA62FDD51C60002DDB5 /* CoreDataStack.swift in Sources */,
				7E3976762FDD2C22002837A8 /* Storyboarded+Extension.swift in Sources */,
				7E8F4E4F2FDDB9660002DDB5 /* LiquidGlassButtonAction.swift in Sources */,
				7E8F4E1A2FDD9CCF0002DDB5 /* NSManagedObjectContext+Extension.swift in Sources */,
				7E3976772FDD2C22002837A8 /* Coordinating.swift in Sources */,
				7E3976782FDD2C22002837A8 /* StoryBoard.swift in Sources */,
				7E3976522FDD2729002837A8 /* SplashVC.swift in Sources */,
				7E8F4E462FDDB38C0002DDB5 /* MapViewModel.swift in Sources */,
				7E3976AD2FDD2C95002837A8 /* UIViewController+Navigation.swift in Sources */,
				7E3976AE2FDD2C95002837A8 /* UInt64+Extension.swift in Sources */,
				7E8F4DB82FDD54D90002DDB5 /* PlaybackState.swift in Sources */,
				7E3976AF2FDD2C95002837A8 /* Date+Extension.swift in Sources */,
				7E3976B22FDD2C95002837A8 /* UITextView+Publisher.swift in Sources */,
				7E3976B42FDD2C95002837A8 /* UITextField+Publisher.swift in Sources */,
				7E8F4E662FDDD8620002DDB5 /* SearchVehicleTableViewCell.swift in Sources */,
				7E8F4E0B2FDD83E40002DDB5 /* DriverSeedData.swift in Sources */,
				7E3976B52FDD2C95002837A8 /* UIImage+Resize.swift in Sources */,
				7E8F4DA82FDD52330002DDB5 /* SessionRepository.swift in Sources */,
				7E8F4DE52FDD60C90002DDB5 /* SplashCoordinating.swift in Sources */,
				7E8F4DAC2FDD52800002DDB5 /* SessionMapper.swift in Sources */,
				7E3976B62FDD2C95002837A8 /* TapGestureAddable.swift in Sources */,
				7E3976B82FDD2C95002837A8 /* UIViewController+Gesture.swift in Sources */,
				7E3976B92FDD2C95002837A8 /* UIViewController+Alert.swift in Sources */,
				7E8F4DEB2FDD61B60002DDB5 /* DefaultSplashFactory.swift in Sources */,
				7E8F4E1E2FDD9D660002DDB5 /* RepositoryError.swift in Sources */,
				7E8F4E5C2FDDCE370002DDB5 /* SearchVehicleVC.swift in Sources */,
				7E3976582FDD2BDA002837A8 /* AppContainer.swift in Sources */,
				7E8F4DF12FDD66C10002DDB5 /* SplashStrings.swift in Sources */,
				7E3976592FDD2BDA002837A8 /* AppCoordinator.swift in Sources */,
				7E3976822FDD2C4B002837A8 /* NavigationDestination.swift in Sources */,
				7E3976832FDD2C4B002837A8 /* PendingUIActionHandling.swift in Sources */,
				7E3976842FDD2C4B002837A8 /* PendingUIAction.swift in Sources */,
				7E3976852FDD2C4B002837A8 /* PendingUIActionHandler.swift in Sources */,
				7E8F4E3D2FDDB0190002DDB5 /* MapCoordinating.swift in Sources */,
				7E8F4DF62FDD80D30002DDB5 /* DriverGenerationService.swift in Sources */,
				7E3976862FDD2C4B002837A8 /* NavigationStyle.swift in Sources */,
				7E3976F12FDD2CF6002837A8 /* ReverseGeocoder.swift in Sources */,
				7E3976F22FDD2CF6002837A8 /* AnimationType.swift in Sources */,
				7E8F4DB02FDD52C20002DDB5 /* VehicleRepository.swift in Sources */,
				7E3976F32FDD2CF6002837A8 /* ToastView.swift in Sources */,
				7E3976F42FDD2CF6002837A8 /* HeadingSensoring.swift in Sources */,
				7E3976F52FDD2CF6002837A8 /* CompassEngine.swift in Sources */,
				7E8F4E6B2FDDE4E50002DDB5 /* DarkGlassButton.swift in Sources */,
				7E3976F62FDD2CF6002837A8 /* CompassEngineDelegate.swift in Sources */,
				7E8F4E6D2FDDE97B0002DDB5 /* DarkGlassSearchBar.swift in Sources */,
				7E3976F72FDD2CF6002837A8 /* HeadingProcessing.swift in Sources */,
				7E3976F82FDD2CF6002837A8 /* LocationManager.swift in Sources */,
				7E8F4E132FDD8BF60002DDB5 /* RouteRepositoryImpl.swift in Sources */,
				7E3976F92FDD2CF6002837A8 /* CLLocation+Array.swift in Sources */,
				7E8F4DBE2FDD57DB0002DDB5 /* VehicleRepositoryImpl.swift in Sources */,
				7E3976FA2FDD2CF6002837A8 /* PlaceDisplayMapper.swift in Sources */,
				7E8F4DAA2FDD52490002DDB5 /* Session.swift in Sources */,
				7E8F4E552FDDB9DD0002DDB5 /* LiquidGlassSearchBar.swift in Sources */,
				7E3976FB2FDD2CF6002837A8 /* HeadingSensor.swift in Sources */,
				7E8F4DAE2FDD52A80002DDB5 /* SessionRepositoryImpl.swift in Sources */,
				7E8F4E212FDDA01A0002DDB5 /* SessionStatus.swift in Sources */,
				7E8F4E172FDD9C780002DDB5 /* RoutePointMapper.swift in Sources */,
				7E3976FC2FDD2CF6002837A8 /* HeadingSensorDelegate.swift in Sources */,
				7E3976FD2FDD2CF6002837A8 /* ToastStyle.swift in Sources */,
				7E8F4E532FDDB9BF0002DDB5 /* LiquidGlassSearchBarAction.swift in Sources */,
				7E3976FE2FDD2CF6002837A8 /* GeocodingServiceing.swift in Sources */,
				7E3976FF2FDD2CF6002837A8 /* OrientationCorrector.swift in Sources */,
				7E3977002FDD2CF6002837A8 /* CompassHeading.swift in Sources */,
				7E3977012FDD2CF6002837A8 /* AddressFormatter.swift in Sources */,
				7E8F4DFE2FDD81730002DDB5 /* DefaultRouteGenerationService.swift in Sources */,
				7E3977022FDD2CF6002837A8 /* ToastPresenting.swift in Sources */,
				7E3977032FDD2CF6002837A8 /* AddressMapper.swift in Sources */,
				7E8F4E692FDDD8B60002DDB5 /* SearchVehicleTableViewDataSourceHandler.swift in Sources */,
				7E3977042FDD2CF6002837A8 /* ToastMain.swift in Sources */,
				7E8F4E0E2FDD852D0002DDB5 /* RouteGenerationError.swift in Sources */,
				7E3977052FDD2CF6002837A8 /* DeviceOrientationProvider.swift in Sources */,
				7E8F4E042FDD82150002DDB5 /* SessionBootstrapService.swift in Sources */,
				7E3977062FDD2CF6002837A8 /* PlaceDisplay.swift in Sources */,
				7E8F4E152FDD9C5F0002DDB5 /* RouteMapper.swift in Sources */,
				7E3977072FDD2CF6002837A8 /* IconAppleToastView.swift in Sources */,
				7E8F4E512FDDB9860002DDB5 /* LiquidGlassButton.swift in Sources */,
				7E3977082FDD2CF6002837A8 /* CGFloat+Radians.swift in Sources */,
				7E8F4DB62FDD54120002DDB5 /* RoutePoint.swift in Sources */,
				7E8F4DF82FDD80E90002DDB5 /* DefaultDriverGenerationService.swift in Sources */,
				7E8F4E5E2FDDD42F0002DDB5 /* SearchVehicleViewModel.swift in Sources */,
				7E8F4DB42FDD53F00002DDB5 /* Route.swift in Sources */,
				7E3977092FDD2CF6002837A8 /* GeocodingService.swift in Sources */,
				7E8F4E012FDD81C90002DDB5 /* MKPolyline+Extension.swift in Sources */,
				7E39770A2FDD2CF6002837A8 /* ToastPresenter.swift in Sources */,
				7E39770B2FDD2CF6002837A8 /* ReverseGeocodingService.swift in Sources */,
				7E39770C2FDD2CF6002837A8 /* DefaultHeadingProcessor.swift in Sources */,
				7E39770D2FDD2CF6002837A8 /* ToastViewConfiguration.swift in Sources */,
				7E8F4DF32FDD6B030002DDB5 /* VehicleCountPickerStrings.swift in Sources */,
				7E39770E2FDD2CF6002837A8 /* AppleToastView.swift in Sources */,
				7E39770F2FDD2CF6002837A8 /* AddressModel.swift in Sources */,
				7E3977102FDD2CF6002837A8 /* Direction.swift in Sources */,
				7E3977112FDD2CF6002837A8 /* OrientationProviding.swift in Sources */,
				7E8F4E112FDD8BD70002DDB5 /* RouteRepository.swift in Sources */,
				7E3977172FDD36E1002837A8 /* VehicleTracking.xcdatamodeld in Sources */,
				7E3977122FDD2CF6002837A8 /* ToastConfiguration.swift in Sources */,
				7E3977132FDD2CF6002837A8 /* ToastQueue.swift in Sources */,
				7E8F4DA42FDD4E890002DDB5 /* CoreDataContextProvider.swift in Sources */,
				7E3977142FDD2CF6002837A8 /* LocationProviding.swift in Sources */,
				7E8F4DED2FDD63210002DDB5 /* SplashViewModel.swift in Sources */,
				7E8F4DC12FDD58470002DDB5 /* VehicleMapper.swift in Sources */,
				7E6CE86C2FDE820F00F30949 /* DefaultVehicleSimulationService.swift in Sources */,
				7E6CE86D2FDE820F00F30949 /* VehicleSimulationService.swift in Sources */,
				7E3976612FDD2C00002837A8 /* AppEvent.swift in Sources */,
				7E8F4DCA2FDD5A850002DDB5 /* LoaderPresenter.swift in Sources */,
				7E8F4DCB2FDD5A850002DDB5 /* LoaderPresenting.swift in Sources */,
				7E3976622FDD2C00002837A8 /* AppEventBus.swift in Sources */,
				7E3976632FDD2C00002837A8 /* AppEventDispatching.swift in Sources */,
				7E39768A2FDD2C77002837A8 /* CLLocationCoordinate2D+Extension .swift in Sources */,
				7E3976912FDD2C8F002837A8 /* Collection+Extensions.swift in Sources */,
				7E3976922FDD2C8F002837A8 /* Double+Extensions.swift in Sources */,
				7E8F4E062FDD82200002DDB5 /* DefaultSessionBootstrapService.swift in Sources */,
				7E8F4DE72FDD60F10002DDB5 /* SplashFactory.swift in Sources */,
				7E3976932FDD2C8F002837A8 /* String+Validation.swift in Sources */,
				7E3976942FDD2C8F002837A8 /* String+Extension.swift in Sources */,
				7E8F4DE92FDD61050002DDB5 /* SplashCoordinator.swift in Sources */,
				7E8F4DB22FDD53C30002DDB5 /* Vehicle.swift in Sources */,
				7E39768B2FDD2C77002837A8 /* CLLocation+Extension.swift in Sources */,
				7E3976552FDD294A002837A8 /* BottomRoundedView.swift in Sources */,
				7E8F4E622FDDD47B0002DDB5 /* SearchVehicleCoordinating.swift in Sources */,
				7E3976662FDD2C0A002837A8 /* Coordinate.swift in Sources */,
				7E8F4E3F2FDDB05B0002DDB5 /* MapFactory.swift in Sources */,
				7E8F4E392FDDB00D0002DDB5 /* MapCoordinator.swift in Sources */,
				7E8F4E3A2FDDB00D0002DDB5 /* DefaultMapFactory.swift in Sources */,
			);
			runOnlyForDeploymentPostprocessing = 0;
		};
/* End PBXSourcesBuildPhase section */

/* Begin PBXVariantGroup section */
		7E3976422FDD1601002837A8 /* LaunchScreen.storyboard */ = {
			isa = PBXVariantGroup;
			children = (
				7E3976412FDD1601002837A8 /* Base */,
			);
			name = LaunchScreen.storyboard;
			sourceTree = "<group>";
		};
		7E3976442FDD1601002837A8 /* Splash.storyboard */ = {
			isa = PBXVariantGroup;
			children = (
				7E3976432FDD1601002837A8 /* Base */,
			);
			name = Splash.storyboard;
			sourceTree = "<group>";
		};
/* End PBXVariantGroup section */

/* Begin XCBuildConfiguration section */
		7E3976112FDCA703002837A8 /* Debug */ = {
			isa = XCBuildConfiguration;
			buildSettings = {
				ASSETCATALOG_COMPILER_APPICON_NAME = AppIcon;
				ASSETCATALOG_COMPILER_GLOBAL_ACCENT_COLOR_NAME = AccentColor;
				CODE_SIGN_STYLE = Automatic;
				CURRENT_PROJECT_VERSION = 1;
				DEVELOPMENT_TEAM = QUM623UT8W;
				GENERATE_INFOPLIST_FILE = YES;
				INFOPLIST_FILE = Luminious/Info.plist;
				INFOPLIST_KEY_NSLocationWhenInUseUsageDescription = "Your location is used to show nearby vehicles on the map and visualize them in AR relative to your position.";
				INFOPLIST_KEY_UIApplicationSupportsIndirectInputEvents = YES;
				INFOPLIST_KEY_UILaunchStoryboardName = LaunchScreen;
				INFOPLIST_KEY_UIMainStoryboardFile = Splash;
				INFOPLIST_KEY_UISupportedInterfaceOrientations_iPad = "UIInterfaceOrientationPortrait UIInterfaceOrientationPortraitUpsideDown UIInterfaceOrientationLandscapeLeft UIInterfaceOrientationLandscapeRight";
				INFOPLIST_KEY_UISupportedInterfaceOrientations_iPhone = "UIInterfaceOrientationPortrait UIInterfaceOrientationLandscapeLeft UIInterfaceOrientationLandscapeRight";
				INFOPLIST_KEY_UIUserInterfaceStyle = Light;
				LD_RUNPATH_SEARCH_PATHS = (
					"$(inherited)",
					"@executable_path/Frameworks",
				);
				MARKETING_VERSION = 1.0;
				PRODUCT_BUNDLE_IDENTIFIER = com.amitkum.Luminious;
				PRODUCT_NAME = "$(TARGET_NAME)";
				STRING_CATALOG_GENERATE_SYMBOLS = YES;
				SUPPORTED_PLATFORMS = "iphoneos iphonesimulator";
				SUPPORTS_MACCATALYST = NO;
				SUPPORTS_MAC_DESIGNED_FOR_IPHONE_IPAD = NO;
				SUPPORTS_XR_DESIGNED_FOR_IPHONE_IPAD = NO;
				SWIFT_APPROACHABLE_CONCURRENCY = YES;
				SWIFT_DEFAULT_ACTOR_ISOLATION = MainActor;
				SWIFT_EMIT_LOC_STRINGS = YES;
				SWIFT_UPCOMING_FEATURE_MEMBER_IMPORT_VISIBILITY = YES;
				SWIFT_VERSION = 5.0;
				TARGETED_DEVICE_FAMILY = "1,2";
			};
			name = Debug;
		};
		7E3976122FDCA703002837A8 /* Release */ = {
			isa = XCBuildConfiguration;
			buildSettings = {
				ASSETCATALOG_COMPILER_APPICON_NAME = AppIcon;
				ASSETCATALOG_COMPILER_GLOBAL_ACCENT_COLOR_NAME = AccentColor;
				CODE_SIGN_STYLE = Automatic;
				CURRENT_PROJECT_VERSION = 1;
				DEVELOPMENT_TEAM = QUM623UT8W;
				GENERATE_INFOPLIST_FILE = YES;
				INFOPLIST_FILE = Luminious/Info.plist;
				INFOPLIST_KEY_NSLocationWhenInUseUsageDescription = "Your location is used to show nearby vehicles on the map and visualize them in AR relative to your position.";
				INFOPLIST_KEY_UIApplicationSupportsIndirectInputEvents = YES;
				INFOPLIST_KEY_UILaunchStoryboardName = LaunchScreen;
				INFOPLIST_KEY_UIMainStoryboardFile = Splash;
				INFOPLIST_KEY_UISupportedInterfaceOrientations_iPad = "UIInterfaceOrientationPortrait UIInterfaceOrientationPortraitUpsideDown UIInterfaceOrientationLandscapeLeft UIInterfaceOrientationLandscapeRight";
				INFOPLIST_KEY_UISupportedInterfaceOrientations_iPhone = "UIInterfaceOrientationPortrait UIInterfaceOrientationLandscapeLeft UIInterfaceOrientationLandscapeRight";
				INFOPLIST_KEY_UIUserInterfaceStyle = Light;
				LD_RUNPATH_SEARCH_PATHS = (
					"$(inherited)",
					"@executable_path/Frameworks",
				);
				MARKETING_VERSION = 1.0;
				PRODUCT_BUNDLE_IDENTIFIER = com.amitkum.Luminious;
				PRODUCT_NAME = "$(TARGET_NAME)";
				STRING_CATALOG_GENERATE_SYMBOLS = YES;
				SUPPORTED_PLATFORMS = "iphoneos iphonesimulator";
				SUPPORTS_MACCATALYST = NO;
				SUPPORTS_MAC_DESIGNED_FOR_IPHONE_IPAD = NO;
				SUPPORTS_XR_DESIGNED_FOR_IPHONE_IPAD = NO;
				SWIFT_APPROACHABLE_CONCURRENCY = YES;
				SWIFT_DEFAULT_ACTOR_ISOLATION = MainActor;
				SWIFT_EMIT_LOC_STRINGS = YES;
				SWIFT_UPCOMING_FEATURE_MEMBER_IMPORT_VISIBILITY = YES;
				SWIFT_VERSION = 5.0;
				TARGETED_DEVICE_FAMILY = "1,2";
			};
			name = Release;
		};
		7E3976132FDCA703002837A8 /* Debug */ = {
			isa = XCBuildConfiguration;
			buildSettings = {
				ALWAYS_SEARCH_USER_PATHS = NO;
				ASSETCATALOG_COMPILER_GENERATE_SWIFT_ASSET_SYMBOL_EXTENSIONS = YES;
				CLANG_ANALYZER_NONNULL = YES;
				CLANG_ANALYZER_NUMBER_OBJECT_CONVERSION = YES_AGGRESSIVE;
				CLANG_CXX_LANGUAGE_STANDARD = "gnu++20";
				CLANG_ENABLE_MODULES = YES;
				CLANG_ENABLE_OBJC_ARC = YES;
				CLANG_ENABLE_OBJC_WEAK = YES;
				CLANG_WARN_BLOCK_CAPTURE_AUTORELEASING = YES;
				CLANG_WARN_BOOL_CONVERSION = YES;
				CLANG_WARN_COMMA = YES;
				CLANG_WARN_CONSTANT_CONVERSION = YES;
				CLANG_WARN_DEPRECATED_OBJC_IMPLEMENTATIONS = YES;
				CLANG_WARN_DIRECT_OBJC_ISA_USAGE = YES_ERROR;
				CLANG_WARN_DOCUMENTATION_COMMENTS = YES;
				CLANG_WARN_EMPTY_BODY = YES;
				CLANG_WARN_ENUM_CONVERSION = YES;
				CLANG_WARN_INFINITE_RECURSION = YES;
				CLANG_WARN_INT_CONVERSION = YES;
				CLANG_WARN_NON_LITERAL_NULL_CONVERSION = YES;
				CLANG_WARN_OBJC_IMPLICIT_RETAIN_SELF = YES;
				CLANG_WARN_OBJC_LITERAL_CONVERSION = YES;
				CLANG_WARN_OBJC_ROOT_CLASS = YES_ERROR;
				CLANG_WARN_QUOTED_INCLUDE_IN_FRAMEWORK_HEADER = YES;
				CLANG_WARN_RANGE_LOOP_ANALYSIS = YES;
				CLANG_WARN_STRICT_PROTOTYPES = YES;
				CLANG_WARN_SUSPICIOUS_MOVE = YES;
				CLANG_WARN_UNGUARDED_AVAILABILITY = YES_AGGRESSIVE;
				CLANG_WARN_UNREACHABLE_CODE = YES;
				CLANG_WARN__DUPLICATE_METHOD_MATCH = YES;
				COPY_PHASE_STRIP = NO;
				DEBUG_INFORMATION_FORMAT = dwarf;
				DEVELOPMENT_TEAM = QUM623UT8W;
				ENABLE_STRICT_OBJC_MSGSEND = YES;
				ENABLE_TESTABILITY = YES;
				ENABLE_USER_SCRIPT_SANDBOXING = YES;
				GCC_C_LANGUAGE_STANDARD = gnu17;
				GCC_DYNAMIC_NO_PIC = NO;
				GCC_NO_COMMON_BLOCKS = YES;
				GCC_OPTIMIZATION_LEVEL = 0;
				GCC_PREPROCESSOR_DEFINITIONS = (
					"DEBUG=1",
					"$(inherited)",
				);
				GCC_WARN_64_TO_32_BIT_CONVERSION = YES;
				GCC_WARN_ABOUT_RETURN_TYPE = YES_ERROR;
				GCC_WARN_UNDECLARED_SELECTOR = YES;
				GCC_WARN_UNINITIALIZED_AUTOS = YES_AGGRESSIVE;
				GCC_WARN_UNUSED_FUNCTION = YES;
				GCC_WARN_UNUSED_VARIABLE = YES;
				IPHONEOS_DEPLOYMENT_TARGET = 26.5;
				LOCALIZATION_PREFERS_STRING_CATALOGS = YES;
				MTL_ENABLE_DEBUG_INFO = INCLUDE_SOURCE;
				MTL_FAST_MATH = YES;
				ONLY_ACTIVE_ARCH = YES;
				SDKROOT = iphoneos;
				SWIFT_ACTIVE_COMPILATION_CONDITIONS = "DEBUG $(inherited)";
				SWIFT_OPTIMIZATION_LEVEL = "-Onone";
			};
			name = Debug;
		};
		7E3976142FDCA703002837A8 /* Release */ = {
			isa = XCBuildConfiguration;
			buildSettings = {
				ALWAYS_SEARCH_USER_PATHS = NO;
				ASSETCATALOG_COMPILER_GENERATE_SWIFT_ASSET_SYMBOL_EXTENSIONS = YES;
				CLANG_ANALYZER_NONNULL = YES;
				CLANG_ANALYZER_NUMBER_OBJECT_CONVERSION = YES_AGGRESSIVE;
				CLANG_CXX_LANGUAGE_STANDARD = "gnu++20";
				CLANG_ENABLE_MODULES = YES;
				CLANG_ENABLE_OBJC_ARC = YES;
				CLANG_ENABLE_OBJC_WEAK = YES;
				CLANG_WARN_BLOCK_CAPTURE_AUTORELEASING = YES;
				CLANG_WARN_BOOL_CONVERSION = YES;
				CLANG_WARN_COMMA = YES;
				CLANG_WARN_CONSTANT_CONVERSION = YES;
				CLANG_WARN_DEPRECATED_OBJC_IMPLEMENTATIONS = YES;
				CLANG_WARN_DIRECT_OBJC_ISA_USAGE = YES_ERROR;
				CLANG_WARN_DOCUMENTATION_COMMENTS = YES;
				CLANG_WARN_EMPTY_BODY = YES;
				CLANG_WARN_ENUM_CONVERSION = YES;
				CLANG_WARN_INFINITE_RECURSION = YES;
				CLANG_WARN_INT_CONVERSION = YES;
				CLANG_WARN_NON_LITERAL_NULL_CONVERSION = YES;
				CLANG_WARN_OBJC_IMPLICIT_RETAIN_SELF = YES;
				CLANG_WARN_OBJC_LITERAL_CONVERSION = YES;
				CLANG_WARN_OBJC_ROOT_CLASS = YES_ERROR;
				CLANG_WARN_QUOTED_INCLUDE_IN_FRAMEWORK_HEADER = YES;
				CLANG_WARN_RANGE_LOOP_ANALYSIS = YES;
				CLANG_WARN_STRICT_PROTOTYPES = YES;
				CLANG_WARN_SUSPICIOUS_MOVE = YES;
				CLANG_WARN_UNGUARDED_AVAILABILITY = YES_AGGRESSIVE;
				CLANG_WARN_UNREACHABLE_CODE = YES;
				CLANG_WARN__DUPLICATE_METHOD_MATCH = YES;
				COPY_PHASE_STRIP = NO;
				DEBUG_INFORMATION_FORMAT = "dwarf-with-dsym";
				DEVELOPMENT_TEAM = QUM623UT8W;
				ENABLE_NS_ASSERTIONS = NO;
				ENABLE_STRICT_OBJC_MSGSEND = YES;
				ENABLE_USER_SCRIPT_SANDBOXING = YES;
				GCC_C_LANGUAGE_STANDARD = gnu17;
				GCC_NO_COMMON_BLOCKS = YES;
				GCC_WARN_64_TO_32_BIT_CONVERSION = YES;
				GCC_WARN_ABOUT_RETURN_TYPE = YES_ERROR;
				GCC_WARN_UNDECLARED_SELECTOR = YES;
				GCC_WARN_UNINITIALIZED_AUTOS = YES_AGGRESSIVE;
				GCC_WARN_UNUSED_FUNCTION = YES;
				GCC_WARN_UNUSED_VARIABLE = YES;
				IPHONEOS_DEPLOYMENT_TARGET = 26.5;
				LOCALIZATION_PREFERS_STRING_CATALOGS = YES;
				MTL_ENABLE_DEBUG_INFO = NO;
				MTL_FAST_MATH = YES;
				SDKROOT = iphoneos;
				SWIFT_COMPILATION_MODE = wholemodule;
				VALIDATE_PRODUCT = YES;
			};
			name = Release;
		};
/* End XCBuildConfiguration section */

/* Begin XCConfigurationList section */
		7E3975F82FDCA700002837A8 /* Build configuration list for PBXProject "Luminious" */ = {
			isa = XCConfigurationList;
			buildConfigurations = (
				7E3976132FDCA703002837A8 /* Debug */,
				7E3976142FDCA703002837A8 /* Release */,
			);
			defaultConfigurationIsVisible = 0;
			defaultConfigurationName = Release;
		};
		7E3976102FDCA703002837A8 /* Build configuration list for PBXNativeTarget "Luminious" */ = {
			isa = XCConfigurationList;
			buildConfigurations = (
				7E3976112FDCA703002837A8 /* Debug */,
				7E3976122FDCA703002837A8 /* Release */,
			);
			defaultConfigurationIsVisible = 0;
			defaultConfigurationName = Release;
		};
/* End XCConfigurationList section */

/* Begin XCRemoteSwiftPackageReference section */
		7E8F4DC22FDD590B0002DDB5 /* XCRemoteSwiftPackageReference "IQKeyboardManager" */ = {
			isa = XCRemoteSwiftPackageReference;
			repositoryURL = "https://github.com/hackiftekhar/IQKeyboardManager.git";
			requirement = {
				kind = upToNextMajorVersion;
				minimumVersion = 8.0.3;
			};
		};
/* End XCRemoteSwiftPackageReference section */

/* Begin XCSwiftPackageProductDependency section */
		7E8F4DC32FDD590B0002DDB5 /* IQKeyboardManagerSwift */ = {
			isa = XCSwiftPackageProductDependency;
			package = 7E8F4DC22FDD590B0002DDB5 /* XCRemoteSwiftPackageReference "IQKeyboardManager" */;
			productName = IQKeyboardManagerSwift;
		};
/* End XCSwiftPackageProductDependency section */

/* Begin XCVersionGroup section */
		7E3977152FDD36E1002837A8 /* VehicleTracking.xcdatamodeld */ = {
			isa = XCVersionGroup;
			children = (
				7E3977162FDD36E1002837A8 /* VehicleTracking.xcdatamodel */,
			);
			currentVersion = 7E3977162FDD36E1002837A8 /* VehicleTracking.xcdatamodel */;
			path = VehicleTracking.xcdatamodeld;
			sourceTree = "<group>";
			versionGroupType = wrapper.xcdatamodel;
		};
/* End XCVersionGroup section */
	};
	rootObject = 7E3975F52FDCA700002837A8 /* Project object */;
}
